
Microsoft Visual Studio Solution File, Format Version 14.00
# Visual Studio 2015
#
# Automatically generated solution:
# devtools\bin\vpc /csgo +csgo_partner /mksln csgo_partner.sln 
#
#
Project("{8BC9CEB8-8B4A-11D0-8D11-00A0C91BC942}") = "appframework", "appframework\appframework.vcxproj", "{03BD822F-165F-485B-4447-EC8C827C9611}"
EndProject
Project("{8BC9CEB8-8B4A-11D0-8D11-00A0C91BC942}") = "valve_avi", "avi\valve_avi.vcxproj", "{87C8A7DF-2A52-4049-44B0-12448C8D04F2}"
	ProjectSection(ProjectDependencies) = postProject
		{AD63A35E-A2AC-8A42-233E-5AC6CB325D34} = {AD63A35E-A2AC-8A42-233E-5AC6CB325D34}
		{77842697-8174-828C-B292-B30886D2FFB2} = {77842697-8174-828C-B292-B30886D2FFB2}
		{EC1C516D-E1D9-BC0A-F79D-E91E954ED8EC} = {EC1C516D-E1D9-BC0A-F79D-E91E954ED8EC}
		{4D8EF5A4-6DAD-80EB-8D2C-CF5A5E5DFA62} = {4D8EF5A4-6DAD-80EB-8D2C-CF5A5E5DFA62}
		{D855F918-41E5-A41F-C576-EB2DE770214F} = {D855F918-41E5-A41F-C576-EB2DE770214F}
		{9066E4D7-44F1-57B5-4309-662633F6247E} = {9066E4D7-44F1-57B5-4309-662633F6247E}
	EndProjectSection
EndProject
Project("{8BC9CEB8-8B4A-11D0-8D11-00A0C91BC942}") = "bitmap", "bitmap\bitmap.vcxproj", "{86BB3375-5628-454A-F74F-88F047EC894A}"
	ProjectSection(ProjectDependencies) = postProject
		{2B0210EF-13D0-2F4F-C95A-A088F03276EE} = {2B0210EF-13D0-2F4F-C95A-A088F03276EE}
	EndProjectSection
EndProject
Project("{8BC9CEB8-8B4A-11D0-8D11-00A0C91BC942}") = "bitmap_byteswap", "bitmap\bitmap_byteswap.vcxproj", "{2B0210EF-13D0-2F4F-C95A-A088F03276EE}"
EndProject
Project("{8BC9CEB8-8B4A-11D0-8D11-00A0C91BC942}") = "bonesetup", "bonesetup\bonesetup.vcxproj", "{CAAFCF33-3300-592E-8801-2A62EFAB891D}"
EndProject
Project("{8BC9CEB8-8B4A-11D0-8D11-00A0C91BC942}") = "choreoobjects", "choreoobjects\choreoobjects.vcxproj", "{77192ACD-B5BD-65EE-04FC-8BBB6ACB3E2C}"
EndProject
Project("{8BC9CEB8-8B4A-11D0-8D11-00A0C91BC942}") = "datacache", "datacache\datacache.vcxproj", "{AD5358D5-10AB-C05D-5008-2F1199805BC6}"
	ProjectSection(ProjectDependencies) = postProject
		{AD63A35E-A2AC-8A42-233E-5AC6CB325D34} = {AD63A35E-A2AC-8A42-233E-5AC6CB325D34}
		{BAB92FF0-D72A-D7E5-1988-74628D39B94F} = {BAB92FF0-D72A-D7E5-1988-74628D39B94F}
		{77842697-8174-828C-B292-B30886D2FFB2} = {77842697-8174-828C-B292-B30886D2FFB2}
		{EC1C516D-E1D9-BC0A-F79D-E91E954ED8EC} = {EC1C516D-E1D9-BC0A-F79D-E91E954ED8EC}
		{4D8EF5A4-6DAD-80EB-8D2C-CF5A5E5DFA62} = {4D8EF5A4-6DAD-80EB-8D2C-CF5A5E5DFA62}
		{D855F918-41E5-A41F-C576-EB2DE770214F} = {D855F918-41E5-A41F-C576-EB2DE770214F}
		{9066E4D7-44F1-57B5-4309-662633F6247E} = {9066E4D7-44F1-57B5-4309-662633F6247E}
	EndProjectSection
EndProject
Project("{8BC9CEB8-8B4A-11D0-8D11-00A0C91BC942}") = "datamodel", "datamodel\datamodel.vcxproj", "{8F28E772-D187-2ACE-6704-A05C90DBB78B}"
EndProject
Project("{8BC9CEB8-8B4A-11D0-8D11-00A0C91BC942}") = "dedicated", "dedicated\dedicated.vcxproj", "{06F287D4-D255-5285-B15D-0E30A7738037}"
	ProjectSection(ProjectDependencies) = postProject
		{03BD822F-165F-485B-4447-EC8C827C9611} = {03BD822F-165F-485B-4447-EC8C827C9611}
		{53920C3D-8E89-A4CC-DA19-DCBA9C7B7FCE} = {53920C3D-8E89-A4CC-DA19-DCBA9C7B7FCE}
		{AD63A35E-A2AC-8A42-233E-5AC6CB325D34} = {AD63A35E-A2AC-8A42-233E-5AC6CB325D34}
		{BAB92FF0-D72A-D7E5-1988-74628D39B94F} = {BAB92FF0-D72A-D7E5-1988-74628D39B94F}
		{77842697-8174-828C-B292-B30886D2FFB2} = {77842697-8174-828C-B292-B30886D2FFB2}
		{EC1C516D-E1D9-BC0A-F79D-E91E954ED8EC} = {EC1C516D-E1D9-BC0A-F79D-E91E954ED8EC}
		{4D8EF5A4-6DAD-80EB-8D2C-CF5A5E5DFA62} = {4D8EF5A4-6DAD-80EB-8D2C-CF5A5E5DFA62}
		{D855F918-41E5-A41F-C576-EB2DE770214F} = {D855F918-41E5-A41F-C576-EB2DE770214F}
		{F69B3672-C5E8-CD1A-257F-253A25B5B939} = {F69B3672-C5E8-CD1A-257F-253A25B5B939}
		{9965B5DD-F9B0-A6C0-BAF1-F32A601FE9FF} = {9965B5DD-F9B0-A6C0-BAF1-F32A601FE9FF}
		{9066E4D7-44F1-57B5-4309-662633F6247E} = {9066E4D7-44F1-57B5-4309-662633F6247E}
	EndProjectSection
EndProject
Project("{8BC9CEB8-8B4A-11D0-8D11-00A0C91BC942}") = "dedicated_main", "dedicated_main\dedicated_main.vcxproj", "{CC3CD052-9079-87E5-E052-CFD6D164E18C}"
EndProject
Project("{8BC9CEB8-8B4A-11D0-8D11-00A0C91BC942}") = "dmserializers", "dmserializers\dmserializers.vcxproj", "{691D84CA-A3AB-8291-BFC5-40A19AFCBA99}"
EndProject
Project("{8BC9CEB8-8B4A-11D0-8D11-00A0C91BC942}") = "dmxloader", "dmxloader\dmxloader.vcxproj", "{53920C3D-8E89-A4CC-DA19-DCBA9C7B7FCE}"
EndProject
Project("{8BC9CEB8-8B4A-11D0-8D11-00A0C91BC942}") = "engine", "engine\engine.vcxproj", "{AD1943A9-FD6D-3D7E-E1E6-AF41A5B0D3E7}"
	ProjectSection(ProjectDependencies) = postProject
		{03BD822F-165F-485B-4447-EC8C827C9611} = {03BD822F-165F-485B-4447-EC8C827C9611}
		{86BB3375-5628-454A-F74F-88F047EC894A} = {86BB3375-5628-454A-F74F-88F047EC894A}
		{2B0210EF-13D0-2F4F-C95A-A088F03276EE} = {2B0210EF-13D0-2F4F-C95A-A088F03276EE}
		{53920C3D-8E89-A4CC-DA19-DCBA9C7B7FCE} = {53920C3D-8E89-A4CC-DA19-DCBA9C7B7FCE}
		{AD63A35E-A2AC-8A42-233E-5AC6CB325D34} = {AD63A35E-A2AC-8A42-233E-5AC6CB325D34}
		{BAB92FF0-D72A-D7E5-1988-74628D39B94F} = {BAB92FF0-D72A-D7E5-1988-74628D39B94F}
		{DA9D42F7-D7BF-AB91-70E7-3D8EB7515113} = {DA9D42F7-D7BF-AB91-70E7-3D8EB7515113}
		{904E95A3-47B8-6758-2C2E-BCD7F0559006} = {904E95A3-47B8-6758-2C2E-BCD7F0559006}
		{77842697-8174-828C-B292-B30886D2FFB2} = {77842697-8174-828C-B292-B30886D2FFB2}
		{EC1C516D-E1D9-BC0A-F79D-E91E954ED8EC} = {EC1C516D-E1D9-BC0A-F79D-E91E954ED8EC}
		{4D8EF5A4-6DAD-80EB-8D2C-CF5A5E5DFA62} = {4D8EF5A4-6DAD-80EB-8D2C-CF5A5E5DFA62}
		{D855F918-41E5-A41F-C576-EB2DE770214F} = {D855F918-41E5-A41F-C576-EB2DE770214F}
		{E18D14DE-31A5-61D8-5406-C3D72A974173} = {E18D14DE-31A5-61D8-5406-C3D72A974173}
		{F69B3672-C5E8-CD1A-257F-253A25B5B939} = {F69B3672-C5E8-CD1A-257F-253A25B5B939}
		{4E226FD0-5B8A-0DC8-F6A0-A9A56D772D0E} = {4E226FD0-5B8A-0DC8-F6A0-A9A56D772D0E}
		{9066E4D7-44F1-57B5-4309-662633F6247E} = {9066E4D7-44F1-57B5-4309-662633F6247E}
		{0E6C962D-03A2-9647-A613-9630B1BFAE6A} = {0E6C962D-03A2-9647-A613-9630B1BFAE6A}
	EndProjectSection
EndProject
Project("{8BC9CEB8-8B4A-11D0-8D11-00A0C91BC942}") = "engine_ds", "engine_ds\engine_ds.vcxproj", "{8E97246C-428D-7704-150A-A50CCECBA911}"
	ProjectSection(ProjectDependencies) = postProject
		{03BD822F-165F-485B-4447-EC8C827C9611} = {03BD822F-165F-485B-4447-EC8C827C9611}
		{86BB3375-5628-454A-F74F-88F047EC894A} = {86BB3375-5628-454A-F74F-88F047EC894A}
		{2B0210EF-13D0-2F4F-C95A-A088F03276EE} = {2B0210EF-13D0-2F4F-C95A-A088F03276EE}
		{53920C3D-8E89-A4CC-DA19-DCBA9C7B7FCE} = {53920C3D-8E89-A4CC-DA19-DCBA9C7B7FCE}
		{AD63A35E-A2AC-8A42-233E-5AC6CB325D34} = {AD63A35E-A2AC-8A42-233E-5AC6CB325D34}
		{BAB92FF0-D72A-D7E5-1988-74628D39B94F} = {BAB92FF0-D72A-D7E5-1988-74628D39B94F}
		{DA9D42F7-D7BF-AB91-70E7-3D8EB7515113} = {DA9D42F7-D7BF-AB91-70E7-3D8EB7515113}
		{904E95A3-47B8-6758-2C2E-BCD7F0559006} = {904E95A3-47B8-6758-2C2E-BCD7F0559006}
		{77842697-8174-828C-B292-B30886D2FFB2} = {77842697-8174-828C-B292-B30886D2FFB2}
		{EC1C516D-E1D9-BC0A-F79D-E91E954ED8EC} = {EC1C516D-E1D9-BC0A-F79D-E91E954ED8EC}
		{4D8EF5A4-6DAD-80EB-8D2C-CF5A5E5DFA62} = {4D8EF5A4-6DAD-80EB-8D2C-CF5A5E5DFA62}
		{D855F918-41E5-A41F-C576-EB2DE770214F} = {D855F918-41E5-A41F-C576-EB2DE770214F}
		{E18D14DE-31A5-61D8-5406-C3D72A974173} = {E18D14DE-31A5-61D8-5406-C3D72A974173}
		{F69B3672-C5E8-CD1A-257F-253A25B5B939} = {F69B3672-C5E8-CD1A-257F-253A25B5B939}
		{4E226FD0-5B8A-0DC8-F6A0-A9A56D772D0E} = {4E226FD0-5B8A-0DC8-F6A0-A9A56D772D0E}
		{9066E4D7-44F1-57B5-4309-662633F6247E} = {9066E4D7-44F1-57B5-4309-662633F6247E}
		{0E6C962D-03A2-9647-A613-9630B1BFAE6A} = {0E6C962D-03A2-9647-A613-9630B1BFAE6A}
	EndProjectSection
EndProject
Project("{8BC9CEB8-8B4A-11D0-8D11-00A0C91BC942}") = "fgdlib", "fgdlib\fgdlib.vcxproj", "{A2ACA839-712B-1CD6-60AA-5D1BC7C8BAE6}"
EndProject
Project("{8BC9CEB8-8B4A-11D0-8D11-00A0C91BC942}") = "filesystem_stdio", "filesystem\filesystem_stdio.vcxproj", "{E6D83659-2A90-6EE6-7F41-EE4F7FF3C98D}"
	ProjectSection(ProjectDependencies) = postProject
		{AD63A35E-A2AC-8A42-233E-5AC6CB325D34} = {AD63A35E-A2AC-8A42-233E-5AC6CB325D34}
		{77842697-8174-828C-B292-B30886D2FFB2} = {77842697-8174-828C-B292-B30886D2FFB2}
		{EC1C516D-E1D9-BC0A-F79D-E91E954ED8EC} = {EC1C516D-E1D9-BC0A-F79D-E91E954ED8EC}
		{4D8EF5A4-6DAD-80EB-8D2C-CF5A5E5DFA62} = {4D8EF5A4-6DAD-80EB-8D2C-CF5A5E5DFA62}
		{9965B5DD-F9B0-A6C0-BAF1-F32A601FE9FF} = {9965B5DD-F9B0-A6C0-BAF1-F32A601FE9FF}
		{9066E4D7-44F1-57B5-4309-662633F6247E} = {9066E4D7-44F1-57B5-4309-662633F6247E}
	EndProjectSection
EndProject
Project("{8BC9CEB8-8B4A-11D0-8D11-00A0C91BC942}") = "fow", "fow\fow.vcxproj", "{2CC2FEB1-5A24-7BFB-E31F-76D3A5FD6096}"
EndProject
Project("{8BC9CEB8-8B4A-11D0-8D11-00A0C91BC942}") = "client_csgo", "game\client\client_csgo.vcxproj", "{1E0159B2-1E87-3FEB-8C50-4E54432DBBE8}"
	ProjectSection(ProjectDependencies) = postProject
		{86BB3375-5628-454A-F74F-88F047EC894A} = {86BB3375-5628-454A-F74F-88F047EC894A}
		{2B0210EF-13D0-2F4F-C95A-A088F03276EE} = {2B0210EF-13D0-2F4F-C95A-A088F03276EE}
		{CAAFCF33-3300-592E-8801-2A62EFAB891D} = {CAAFCF33-3300-592E-8801-2A62EFAB891D}
		{77192ACD-B5BD-65EE-04FC-8BBB6ACB3E2C} = {77192ACD-B5BD-65EE-04FC-8BBB6ACB3E2C}
		{53920C3D-8E89-A4CC-DA19-DCBA9C7B7FCE} = {53920C3D-8E89-A4CC-DA19-DCBA9C7B7FCE}
		{AD63A35E-A2AC-8A42-233E-5AC6CB325D34} = {AD63A35E-A2AC-8A42-233E-5AC6CB325D34}
		{BAB92FF0-D72A-D7E5-1988-74628D39B94F} = {BAB92FF0-D72A-D7E5-1988-74628D39B94F}
		{D4664DDA-6071-8465-D286-02649CB82F56} = {D4664DDA-6071-8465-D286-02649CB82F56}
		{C3359D88-86E6-3AB5-D120-D51856B220A1} = {C3359D88-86E6-3AB5-D120-D51856B220A1}
		{7E45214F-92B5-01AF-4495-B82455B39E7C} = {7E45214F-92B5-01AF-4495-B82455B39E7C}
		{95D67225-8415-236F-9128-DCB171B7DEC6} = {95D67225-8415-236F-9128-DCB171B7DEC6}
		{548EAF73-E359-115A-FC55-9505DE855C93} = {548EAF73-E359-115A-FC55-9505DE855C93}
		{77842697-8174-828C-B292-B30886D2FFB2} = {77842697-8174-828C-B292-B30886D2FFB2}
		{EC1C516D-E1D9-BC0A-F79D-E91E954ED8EC} = {EC1C516D-E1D9-BC0A-F79D-E91E954ED8EC}
		{4D8EF5A4-6DAD-80EB-8D2C-CF5A5E5DFA62} = {4D8EF5A4-6DAD-80EB-8D2C-CF5A5E5DFA62}
		{D855F918-41E5-A41F-C576-EB2DE770214F} = {D855F918-41E5-A41F-C576-EB2DE770214F}
		{E18D14DE-31A5-61D8-5406-C3D72A974173} = {E18D14DE-31A5-61D8-5406-C3D72A974173}
		{F69B3672-C5E8-CD1A-257F-253A25B5B939} = {F69B3672-C5E8-CD1A-257F-253A25B5B939}
		{4E226FD0-5B8A-0DC8-F6A0-A9A56D772D0E} = {4E226FD0-5B8A-0DC8-F6A0-A9A56D772D0E}
		{9965B5DD-F9B0-A6C0-BAF1-F32A601FE9FF} = {9965B5DD-F9B0-A6C0-BAF1-F32A601FE9FF}
		{9066E4D7-44F1-57B5-4309-662633F6247E} = {9066E4D7-44F1-57B5-4309-662633F6247E}
		{0E6C962D-03A2-9647-A613-9630B1BFAE6A} = {0E6C962D-03A2-9647-A613-9630B1BFAE6A}
	EndProjectSection
EndProject
Project("{8BC9CEB8-8B4A-11D0-8D11-00A0C91BC942}") = "server_csgo", "game\server\server_csgo.vcxproj", "{BBCB295C-9EAB-CACB-FC4E-A88D920320DE}"
	ProjectSection(ProjectDependencies) = postProject
		{86BB3375-5628-454A-F74F-88F047EC894A} = {86BB3375-5628-454A-F74F-88F047EC894A}
		{2B0210EF-13D0-2F4F-C95A-A088F03276EE} = {2B0210EF-13D0-2F4F-C95A-A088F03276EE}
		{CAAFCF33-3300-592E-8801-2A62EFAB891D} = {CAAFCF33-3300-592E-8801-2A62EFAB891D}
		{77192ACD-B5BD-65EE-04FC-8BBB6ACB3E2C} = {77192ACD-B5BD-65EE-04FC-8BBB6ACB3E2C}
		{53920C3D-8E89-A4CC-DA19-DCBA9C7B7FCE} = {53920C3D-8E89-A4CC-DA19-DCBA9C7B7FCE}
		{AD63A35E-A2AC-8A42-233E-5AC6CB325D34} = {AD63A35E-A2AC-8A42-233E-5AC6CB325D34}
		{BAB92FF0-D72A-D7E5-1988-74628D39B94F} = {BAB92FF0-D72A-D7E5-1988-74628D39B94F}
		{D4664DDA-6071-8465-D286-02649CB82F56} = {D4664DDA-6071-8465-D286-02649CB82F56}
		{7E45214F-92B5-01AF-4495-B82455B39E7C} = {7E45214F-92B5-01AF-4495-B82455B39E7C}
		{B015519C-D5C1-853F-7AAC-9E2012AAC3B8} = {B015519C-D5C1-853F-7AAC-9E2012AAC3B8}
		{77842697-8174-828C-B292-B30886D2FFB2} = {77842697-8174-828C-B292-B30886D2FFB2}
		{EC1C516D-E1D9-BC0A-F79D-E91E954ED8EC} = {EC1C516D-E1D9-BC0A-F79D-E91E954ED8EC}
		{4D8EF5A4-6DAD-80EB-8D2C-CF5A5E5DFA62} = {4D8EF5A4-6DAD-80EB-8D2C-CF5A5E5DFA62}
		{D855F918-41E5-A41F-C576-EB2DE770214F} = {D855F918-41E5-A41F-C576-EB2DE770214F}
		{F69B3672-C5E8-CD1A-257F-253A25B5B939} = {F69B3672-C5E8-CD1A-257F-253A25B5B939}
		{9066E4D7-44F1-57B5-4309-662633F6247E} = {9066E4D7-44F1-57B5-4309-662633F6247E}
	EndProjectSection
EndProject
Project("{8BC9CEB8-8B4A-11D0-8D11-00A0C91BC942}") = "hammer_dll", "hammer\hammer_dll.vcxproj", "{8917EAD6-89F8-D8EE-8243-629A206C95D8}"
	ProjectSection(ProjectDependencies) = postProject
		{86BB3375-5628-454A-F74F-88F047EC894A} = {86BB3375-5628-454A-F74F-88F047EC894A}
		{2B0210EF-13D0-2F4F-C95A-A088F03276EE} = {2B0210EF-13D0-2F4F-C95A-A088F03276EE}
		{CAAFCF33-3300-592E-8801-2A62EFAB891D} = {CAAFCF33-3300-592E-8801-2A62EFAB891D}
		{77192ACD-B5BD-65EE-04FC-8BBB6ACB3E2C} = {77192ACD-B5BD-65EE-04FC-8BBB6ACB3E2C}
		{8F28E772-D187-2ACE-6704-A05C90DBB78B} = {8F28E772-D187-2ACE-6704-A05C90DBB78B}
		{691D84CA-A3AB-8291-BFC5-40A19AFCBA99} = {691D84CA-A3AB-8291-BFC5-40A19AFCBA99}
		{53920C3D-8E89-A4CC-DA19-DCBA9C7B7FCE} = {53920C3D-8E89-A4CC-DA19-DCBA9C7B7FCE}
		{A2ACA839-712B-1CD6-60AA-5D1BC7C8BAE6} = {A2ACA839-712B-1CD6-60AA-5D1BC7C8BAE6}
		{2CC2FEB1-5A24-7BFB-E31F-76D3A5FD6096} = {2CC2FEB1-5A24-7BFB-E31F-76D3A5FD6096}
		{AD63A35E-A2AC-8A42-233E-5AC6CB325D34} = {AD63A35E-A2AC-8A42-233E-5AC6CB325D34}
		{BAB92FF0-D72A-D7E5-1988-74628D39B94F} = {BAB92FF0-D72A-D7E5-1988-74628D39B94F}
		{CAD9ADB1-E885-7A8F-80AF-5542266390F0} = {CAD9ADB1-E885-7A8F-80AF-5542266390F0}
		{7E45214F-92B5-01AF-4495-B82455B39E7C} = {7E45214F-92B5-01AF-4495-B82455B39E7C}
		{95D67225-8415-236F-9128-DCB171B7DEC6} = {95D67225-8415-236F-9128-DCB171B7DEC6}
		{77842697-8174-828C-B292-B30886D2FFB2} = {77842697-8174-828C-B292-B30886D2FFB2}
		{EC1C516D-E1D9-BC0A-F79D-E91E954ED8EC} = {EC1C516D-E1D9-BC0A-F79D-E91E954ED8EC}
		{4D8EF5A4-6DAD-80EB-8D2C-CF5A5E5DFA62} = {4D8EF5A4-6DAD-80EB-8D2C-CF5A5E5DFA62}
		{D855F918-41E5-A41F-C576-EB2DE770214F} = {D855F918-41E5-A41F-C576-EB2DE770214F}
		{6DB1657E-500A-123E-2A05-E31E626F3CF1} = {6DB1657E-500A-123E-2A05-E31E626F3CF1}
		{B0D3AEDE-1287-F03C-449E-EC7E7E549E46} = {B0D3AEDE-1287-F03C-449E-EC7E7E549E46}
		{E18D14DE-31A5-61D8-5406-C3D72A974173} = {E18D14DE-31A5-61D8-5406-C3D72A974173}
		{F69B3672-C5E8-CD1A-257F-253A25B5B939} = {F69B3672-C5E8-CD1A-257F-253A25B5B939}
		{9066E4D7-44F1-57B5-4309-662633F6247E} = {9066E4D7-44F1-57B5-4309-662633F6247E}
	EndProjectSection
EndProject
Project("{8BC9CEB8-8B4A-11D0-8D11-00A0C91BC942}") = "hammer_launcher", "hammer_launcher\hammer_launcher.vcxproj", "{F2B2B245-6DB3-7E4E-1250-C4C89E29FA05}"
	ProjectSection(ProjectDependencies) = postProject
		{03BD822F-165F-485B-4447-EC8C827C9611} = {03BD822F-165F-485B-4447-EC8C827C9611}
		{AD63A35E-A2AC-8A42-233E-5AC6CB325D34} = {AD63A35E-A2AC-8A42-233E-5AC6CB325D34}
		{77842697-8174-828C-B292-B30886D2FFB2} = {77842697-8174-828C-B292-B30886D2FFB2}
		{EC1C516D-E1D9-BC0A-F79D-E91E954ED8EC} = {EC1C516D-E1D9-BC0A-F79D-E91E954ED8EC}
		{9066E4D7-44F1-57B5-4309-662633F6247E} = {9066E4D7-44F1-57B5-4309-662633F6247E}
	EndProjectSection
EndProject
Project("{8BC9CEB8-8B4A-11D0-8D11-00A0C91BC942}") = "inputsystem", "inputsystem\inputsystem.vcxproj", "{6B39481F-18F2-EEA3-0F6D-8E565FEC485E}"
	ProjectSection(ProjectDependencies) = postProject
		{AD63A35E-A2AC-8A42-233E-5AC6CB325D34} = {AD63A35E-A2AC-8A42-233E-5AC6CB325D34}
		{BAB92FF0-D72A-D7E5-1988-74628D39B94F} = {BAB92FF0-D72A-D7E5-1988-74628D39B94F}
		{77842697-8174-828C-B292-B30886D2FFB2} = {77842697-8174-828C-B292-B30886D2FFB2}
		{EC1C516D-E1D9-BC0A-F79D-E91E954ED8EC} = {EC1C516D-E1D9-BC0A-F79D-E91E954ED8EC}
		{4D8EF5A4-6DAD-80EB-8D2C-CF5A5E5DFA62} = {4D8EF5A4-6DAD-80EB-8D2C-CF5A5E5DFA62}
		{9066E4D7-44F1-57B5-4309-662633F6247E} = {9066E4D7-44F1-57B5-4309-662633F6247E}
	EndProjectSection
EndProject
Project("{8BC9CEB8-8B4A-11D0-8D11-00A0C91BC942}") = "interfaces", "interfaces\interfaces.vcxproj", "{AD63A35E-A2AC-8A42-233E-5AC6CB325D34}"
EndProject
Project("{8BC9CEB8-8B4A-11D0-8D11-00A0C91BC942}") = "launcher", "launcher\launcher.vcxproj", "{F3E08B51-1935-8A8F-58F1-7A678759F60C}"
	ProjectSection(ProjectDependencies) = postProject
		{03BD822F-165F-485B-4447-EC8C827C9611} = {03BD822F-165F-485B-4447-EC8C827C9611}
		{AD63A35E-A2AC-8A42-233E-5AC6CB325D34} = {AD63A35E-A2AC-8A42-233E-5AC6CB325D34}
		{77842697-8174-828C-B292-B30886D2FFB2} = {77842697-8174-828C-B292-B30886D2FFB2}
		{EC1C516D-E1D9-BC0A-F79D-E91E954ED8EC} = {EC1C516D-E1D9-BC0A-F79D-E91E954ED8EC}
		{4D8EF5A4-6DAD-80EB-8D2C-CF5A5E5DFA62} = {4D8EF5A4-6DAD-80EB-8D2C-CF5A5E5DFA62}
		{D855F918-41E5-A41F-C576-EB2DE770214F} = {D855F918-41E5-A41F-C576-EB2DE770214F}
		{9066E4D7-44F1-57B5-4309-662633F6247E} = {9066E4D7-44F1-57B5-4309-662633F6247E}
	EndProjectSection
EndProject
Project("{8BC9CEB8-8B4A-11D0-8D11-00A0C91BC942}") = "launcher_main", "launcher_main\launcher_main.vcxproj", "{94C3CD6C-42CA-D1DB-FAEA-DFE238E21C49}"
	ProjectSection(ProjectDependencies) = postProject
		{AD63A35E-A2AC-8A42-233E-5AC6CB325D34} = {AD63A35E-A2AC-8A42-233E-5AC6CB325D34}
	EndProjectSection
EndProject
Project("{8BC9CEB8-8B4A-11D0-8D11-00A0C91BC942}") = "matchmaking_csgo", "matchmaking\matchmaking_csgo.vcxproj", "{E9E13BDA-68A1-ECC8-7511-4DE3161464E5}"
	ProjectSection(ProjectDependencies) = postProject
		{AD63A35E-A2AC-8A42-233E-5AC6CB325D34} = {AD63A35E-A2AC-8A42-233E-5AC6CB325D34}
		{0CC966B5-0646-1C94-1FA0-4E42F51409F1} = {0CC966B5-0646-1C94-1FA0-4E42F51409F1}
		{BAB92FF0-D72A-D7E5-1988-74628D39B94F} = {BAB92FF0-D72A-D7E5-1988-74628D39B94F}
		{77842697-8174-828C-B292-B30886D2FFB2} = {77842697-8174-828C-B292-B30886D2FFB2}
		{EC1C516D-E1D9-BC0A-F79D-E91E954ED8EC} = {EC1C516D-E1D9-BC0A-F79D-E91E954ED8EC}
		{4D8EF5A4-6DAD-80EB-8D2C-CF5A5E5DFA62} = {4D8EF5A4-6DAD-80EB-8D2C-CF5A5E5DFA62}
		{D855F918-41E5-A41F-C576-EB2DE770214F} = {D855F918-41E5-A41F-C576-EB2DE770214F}
		{9066E4D7-44F1-57B5-4309-662633F6247E} = {9066E4D7-44F1-57B5-4309-662633F6247E}
	EndProjectSection
EndProject
Project("{8BC9CEB8-8B4A-11D0-8D11-00A0C91BC942}") = "matchmakingbase", "matchmaking\matchmakingbase.vcxproj", "{0CC966B5-0646-1C94-1FA0-4E42F51409F1}"
EndProject
Project("{8BC9CEB8-8B4A-11D0-8D11-00A0C91BC942}") = "matchmaking_ds_csgo", "matchmaking\matchmaking_ds_csgo.vcxproj", "{BA23C8CC-A6CA-56B5-5A7A-FFE1C81D114B}"
	ProjectSection(ProjectDependencies) = postProject
		{AD63A35E-A2AC-8A42-233E-5AC6CB325D34} = {AD63A35E-A2AC-8A42-233E-5AC6CB325D34}
		{36926F91-B706-8A4D-8FB8-02AE840E66F0} = {36926F91-B706-8A4D-8FB8-02AE840E66F0}
		{BAB92FF0-D72A-D7E5-1988-74628D39B94F} = {BAB92FF0-D72A-D7E5-1988-74628D39B94F}
		{77842697-8174-828C-B292-B30886D2FFB2} = {77842697-8174-828C-B292-B30886D2FFB2}
		{EC1C516D-E1D9-BC0A-F79D-E91E954ED8EC} = {EC1C516D-E1D9-BC0A-F79D-E91E954ED8EC}
		{4D8EF5A4-6DAD-80EB-8D2C-CF5A5E5DFA62} = {4D8EF5A4-6DAD-80EB-8D2C-CF5A5E5DFA62}
		{D855F918-41E5-A41F-C576-EB2DE770214F} = {D855F918-41E5-A41F-C576-EB2DE770214F}
		{9066E4D7-44F1-57B5-4309-662633F6247E} = {9066E4D7-44F1-57B5-4309-662633F6247E}
	EndProjectSection
EndProject
Project("{8BC9CEB8-8B4A-11D0-8D11-00A0C91BC942}") = "matchmakingbase_ds", "matchmaking\matchmakingbase_ds.vcxproj", "{36926F91-B706-8A4D-8FB8-02AE840E66F0}"
EndProject
Project("{8BC9CEB8-8B4A-11D0-8D11-00A0C91BC942}") = "materialobjects", "materialobjects\materialobjects.vcxproj", "{D76228B6-B4E9-4C5C-6749-38E6A57EA529}"
EndProject
Project("{8BC9CEB8-8B4A-11D0-8D11-00A0C91BC942}") = "materialsystem", "materialsystem\materialsystem.vcxproj", "{C227CD9A-986A-E8FB-80A2-C01AD7F3C082}"
	ProjectSection(ProjectDependencies) = postProject
		{86BB3375-5628-454A-F74F-88F047EC894A} = {86BB3375-5628-454A-F74F-88F047EC894A}
		{2B0210EF-13D0-2F4F-C95A-A088F03276EE} = {2B0210EF-13D0-2F4F-C95A-A088F03276EE}
		{AD63A35E-A2AC-8A42-233E-5AC6CB325D34} = {AD63A35E-A2AC-8A42-233E-5AC6CB325D34}
		{1A1149D9-CB1B-BF85-19CA-C9C2996BFDE8} = {1A1149D9-CB1B-BF85-19CA-C9C2996BFDE8}
		{BAB92FF0-D72A-D7E5-1988-74628D39B94F} = {BAB92FF0-D72A-D7E5-1988-74628D39B94F}
		{77842697-8174-828C-B292-B30886D2FFB2} = {77842697-8174-828C-B292-B30886D2FFB2}
		{EC1C516D-E1D9-BC0A-F79D-E91E954ED8EC} = {EC1C516D-E1D9-BC0A-F79D-E91E954ED8EC}
		{4D8EF5A4-6DAD-80EB-8D2C-CF5A5E5DFA62} = {4D8EF5A4-6DAD-80EB-8D2C-CF5A5E5DFA62}
		{D855F918-41E5-A41F-C576-EB2DE770214F} = {D855F918-41E5-A41F-C576-EB2DE770214F}
		{9066E4D7-44F1-57B5-4309-662633F6247E} = {9066E4D7-44F1-57B5-4309-662633F6247E}
		{0E6C962D-03A2-9647-A613-9630B1BFAE6A} = {0E6C962D-03A2-9647-A613-9630B1BFAE6A}
	EndProjectSection
EndProject
Project("{8BC9CEB8-8B4A-11D0-8D11-00A0C91BC942}") = "shaderapiempty", "materialsystem\shaderapiempty\shaderapiempty.vcxproj", "{1118F2F8-CF86-8A2F-2845-F2534212A9E4}"
	ProjectSection(ProjectDependencies) = postProject
		{AD63A35E-A2AC-8A42-233E-5AC6CB325D34} = {AD63A35E-A2AC-8A42-233E-5AC6CB325D34}
		{77842697-8174-828C-B292-B30886D2FFB2} = {77842697-8174-828C-B292-B30886D2FFB2}
		{EC1C516D-E1D9-BC0A-F79D-E91E954ED8EC} = {EC1C516D-E1D9-BC0A-F79D-E91E954ED8EC}
		{9066E4D7-44F1-57B5-4309-662633F6247E} = {9066E4D7-44F1-57B5-4309-662633F6247E}
	EndProjectSection
EndProject
Project("{8BC9CEB8-8B4A-11D0-8D11-00A0C91BC942}") = "shaderlib", "materialsystem\shaderlib\shaderlib.vcxproj", "{1A1149D9-CB1B-BF85-19CA-C9C2996BFDE8}"
EndProject
Project("{8BC9CEB8-8B4A-11D0-8D11-00A0C91BC942}") = "stdshader_dbg", "materialsystem\stdshaders\stdshader_dbg.vcxproj", "{EA8621AF-378F-FDB4-1B6D-ECECA37446EF}"
	ProjectSection(ProjectDependencies) = postProject
		{AD63A35E-A2AC-8A42-233E-5AC6CB325D34} = {AD63A35E-A2AC-8A42-233E-5AC6CB325D34}
		{1A1149D9-CB1B-BF85-19CA-C9C2996BFDE8} = {1A1149D9-CB1B-BF85-19CA-C9C2996BFDE8}
		{BAB92FF0-D72A-D7E5-1988-74628D39B94F} = {BAB92FF0-D72A-D7E5-1988-74628D39B94F}
		{77842697-8174-828C-B292-B30886D2FFB2} = {77842697-8174-828C-B292-B30886D2FFB2}
		{EC1C516D-E1D9-BC0A-F79D-E91E954ED8EC} = {EC1C516D-E1D9-BC0A-F79D-E91E954ED8EC}
		{9066E4D7-44F1-57B5-4309-662633F6247E} = {9066E4D7-44F1-57B5-4309-662633F6247E}
	EndProjectSection
EndProject
Project("{8BC9CEB8-8B4A-11D0-8D11-00A0C91BC942}") = "stdshader_dx9", "materialsystem\stdshaders\stdshader_dx9.vcxproj", "{C8D2DC83-E117-7576-7B43-10C844264C51}"
	ProjectSection(ProjectDependencies) = postProject
		{AD63A35E-A2AC-8A42-233E-5AC6CB325D34} = {AD63A35E-A2AC-8A42-233E-5AC6CB325D34}
		{1A1149D9-CB1B-BF85-19CA-C9C2996BFDE8} = {1A1149D9-CB1B-BF85-19CA-C9C2996BFDE8}
		{BAB92FF0-D72A-D7E5-1988-74628D39B94F} = {BAB92FF0-D72A-D7E5-1988-74628D39B94F}
		{77842697-8174-828C-B292-B30886D2FFB2} = {77842697-8174-828C-B292-B30886D2FFB2}
		{EC1C516D-E1D9-BC0A-F79D-E91E954ED8EC} = {EC1C516D-E1D9-BC0A-F79D-E91E954ED8EC}
		{9066E4D7-44F1-57B5-4309-662633F6247E} = {9066E4D7-44F1-57B5-4309-662633F6247E}
	EndProjectSection
EndProject
Project("{8BC9CEB8-8B4A-11D0-8D11-00A0C91BC942}") = "mathlib", "mathlib\mathlib.vcxproj", "{BAB92FF0-D72A-D7E5-1988-74628D39B94F}"
EndProject
Project("{8BC9CEB8-8B4A-11D0-8D11-00A0C91BC942}") = "mathlib_extended", "mathlib\mathlib_extended.vcxproj", "{D4664DDA-6071-8465-D286-02649CB82F56}"
EndProject
Project("{8BC9CEB8-8B4A-11D0-8D11-00A0C91BC942}") = "mdllib", "mdllib\mdllib.vcxproj", "{8A3263F5-87D6-07C8-624D-B6812731A4C1}"
	ProjectSection(ProjectDependencies) = postProject
		{AD63A35E-A2AC-8A42-233E-5AC6CB325D34} = {AD63A35E-A2AC-8A42-233E-5AC6CB325D34}
		{77842697-8174-828C-B292-B30886D2FFB2} = {77842697-8174-828C-B292-B30886D2FFB2}
		{EC1C516D-E1D9-BC0A-F79D-E91E954ED8EC} = {EC1C516D-E1D9-BC0A-F79D-E91E954ED8EC}
		{9066E4D7-44F1-57B5-4309-662633F6247E} = {9066E4D7-44F1-57B5-4309-662633F6247E}
	EndProjectSection
EndProject
Project("{8BC9CEB8-8B4A-11D0-8D11-00A0C91BC942}") = "mdlobjects", "mdlobjects\mdlobjects.vcxproj", "{C3CE5691-7D7A-37DA-4B88-0C6F15549AE5}"
EndProject
Project("{8BC9CEB8-8B4A-11D0-8D11-00A0C91BC942}") = "meshutils", "meshutils\meshutils.vcxproj", "{C3359D88-86E6-3AB5-D120-D51856B220A1}"
EndProject
Project("{8BC9CEB8-8B4A-11D0-8D11-00A0C91BC942}") = "movieobjects", "movieobjects\movieobjects.vcxproj", "{CAD9ADB1-E885-7A8F-80AF-5542266390F0}"
EndProject
Project("{8BC9CEB8-8B4A-11D0-8D11-00A0C91BC942}") = "particles", "particles\particles.vcxproj", "{7E45214F-92B5-01AF-4495-B82455B39E7C}"
	ProjectSection(ProjectDependencies) = postProject
		{86BB3375-5628-454A-F74F-88F047EC894A} = {86BB3375-5628-454A-F74F-88F047EC894A}
		{2B0210EF-13D0-2F4F-C95A-A088F03276EE} = {2B0210EF-13D0-2F4F-C95A-A088F03276EE}
	EndProjectSection
EndProject
Project("{8BC9CEB8-8B4A-11D0-8D11-00A0C91BC942}") = "raytrace", "raytrace\raytrace.vcxproj", "{95D67225-8415-236F-9128-DCB171B7DEC6}"
EndProject
Project("{8BC9CEB8-8B4A-11D0-8D11-00A0C91BC942}") = "resourcefile", "resourcefile\resourcefile.vcxproj", "{548EAF73-E359-115A-FC55-9505DE855C93}"
EndProject
Project("{8BC9CEB8-8B4A-11D0-8D11-00A0C91BC942}") = "responserules_runtime", "responserules\runtime\responserules_runtime.vcxproj", "{B015519C-D5C1-853F-7AAC-9E2012AAC3B8}"
EndProject
Project("{8BC9CEB8-8B4A-11D0-8D11-00A0C91BC942}") = "scenefilecache", "scenefilecache\scenefilecache.vcxproj", "{DFF57B25-31B4-4D0F-35B5-2ED1486D3DAA}"
	ProjectSection(ProjectDependencies) = postProject
		{AD63A35E-A2AC-8A42-233E-5AC6CB325D34} = {AD63A35E-A2AC-8A42-233E-5AC6CB325D34}
		{77842697-8174-828C-B292-B30886D2FFB2} = {77842697-8174-828C-B292-B30886D2FFB2}
		{EC1C516D-E1D9-BC0A-F79D-E91E954ED8EC} = {EC1C516D-E1D9-BC0A-F79D-E91E954ED8EC}
		{9066E4D7-44F1-57B5-4309-662633F6247E} = {9066E4D7-44F1-57B5-4309-662633F6247E}
	EndProjectSection
EndProject
Project("{8BC9CEB8-8B4A-11D0-8D11-00A0C91BC942}") = "serverbrowser", "serverbrowser\serverbrowser.vcxproj", "{AC592D78-59DD-05D1-A53D-44F75A59EA68}"
	ProjectSection(ProjectDependencies) = postProject
		{53920C3D-8E89-A4CC-DA19-DCBA9C7B7FCE} = {53920C3D-8E89-A4CC-DA19-DCBA9C7B7FCE}
		{AD63A35E-A2AC-8A42-233E-5AC6CB325D34} = {AD63A35E-A2AC-8A42-233E-5AC6CB325D34}
		{BAB92FF0-D72A-D7E5-1988-74628D39B94F} = {BAB92FF0-D72A-D7E5-1988-74628D39B94F}
		{77842697-8174-828C-B292-B30886D2FFB2} = {77842697-8174-828C-B292-B30886D2FFB2}
		{EC1C516D-E1D9-BC0A-F79D-E91E954ED8EC} = {EC1C516D-E1D9-BC0A-F79D-E91E954ED8EC}
		{4D8EF5A4-6DAD-80EB-8D2C-CF5A5E5DFA62} = {4D8EF5A4-6DAD-80EB-8D2C-CF5A5E5DFA62}
		{D855F918-41E5-A41F-C576-EB2DE770214F} = {D855F918-41E5-A41F-C576-EB2DE770214F}
		{F69B3672-C5E8-CD1A-257F-253A25B5B939} = {F69B3672-C5E8-CD1A-257F-253A25B5B939}
		{9066E4D7-44F1-57B5-4309-662633F6247E} = {9066E4D7-44F1-57B5-4309-662633F6247E}
	EndProjectSection
EndProject
Project("{8BC9CEB8-8B4A-11D0-8D11-00A0C91BC942}") = "soundemittersystem", "soundemittersystem\soundemittersystem.vcxproj", "{15B0D4F5-A084-DCD4-630F-6F47A0757049}"
	ProjectSection(ProjectDependencies) = postProject
		{AD63A35E-A2AC-8A42-233E-5AC6CB325D34} = {AD63A35E-A2AC-8A42-233E-5AC6CB325D34}
		{77842697-8174-828C-B292-B30886D2FFB2} = {77842697-8174-828C-B292-B30886D2FFB2}
		{EC1C516D-E1D9-BC0A-F79D-E91E954ED8EC} = {EC1C516D-E1D9-BC0A-F79D-E91E954ED8EC}
		{4D8EF5A4-6DAD-80EB-8D2C-CF5A5E5DFA62} = {4D8EF5A4-6DAD-80EB-8D2C-CF5A5E5DFA62}
		{9066E4D7-44F1-57B5-4309-662633F6247E} = {9066E4D7-44F1-57B5-4309-662633F6247E}
	EndProjectSection
EndProject
Project("{8BC9CEB8-8B4A-11D0-8D11-00A0C91BC942}") = "soundsystem", "soundsystem\soundsystem.vcxproj", "{A5FB1A57-A236-F4EC-67AA-691D5B3F5492}"
	ProjectSection(ProjectDependencies) = postProject
		{AD63A35E-A2AC-8A42-233E-5AC6CB325D34} = {AD63A35E-A2AC-8A42-233E-5AC6CB325D34}
		{BAB92FF0-D72A-D7E5-1988-74628D39B94F} = {BAB92FF0-D72A-D7E5-1988-74628D39B94F}
		{DA9D42F7-D7BF-AB91-70E7-3D8EB7515113} = {DA9D42F7-D7BF-AB91-70E7-3D8EB7515113}
		{77842697-8174-828C-B292-B30886D2FFB2} = {77842697-8174-828C-B292-B30886D2FFB2}
		{EC1C516D-E1D9-BC0A-F79D-E91E954ED8EC} = {EC1C516D-E1D9-BC0A-F79D-E91E954ED8EC}
		{4D8EF5A4-6DAD-80EB-8D2C-CF5A5E5DFA62} = {4D8EF5A4-6DAD-80EB-8D2C-CF5A5E5DFA62}
		{9066E4D7-44F1-57B5-4309-662633F6247E} = {9066E4D7-44F1-57B5-4309-662633F6247E}
	EndProjectSection
EndProject
Project("{8BC9CEB8-8B4A-11D0-8D11-00A0C91BC942}") = "soundsystem_lowlevel", "soundsystem\lowlevel\soundsystem_lowlevel.vcxproj", "{DA9D42F7-D7BF-AB91-70E7-3D8EB7515113}"
EndProject
Project("{8BC9CEB8-8B4A-11D0-8D11-00A0C91BC942}") = "studiorender", "studiorender\studiorender.vcxproj", "{FB4C9B41-D258-AC16-EB69-1ECBD89CADED}"
	ProjectSection(ProjectDependencies) = postProject
		{86BB3375-5628-454A-F74F-88F047EC894A} = {86BB3375-5628-454A-F74F-88F047EC894A}
		{2B0210EF-13D0-2F4F-C95A-A088F03276EE} = {2B0210EF-13D0-2F4F-C95A-A088F03276EE}
		{AD63A35E-A2AC-8A42-233E-5AC6CB325D34} = {AD63A35E-A2AC-8A42-233E-5AC6CB325D34}
		{BAB92FF0-D72A-D7E5-1988-74628D39B94F} = {BAB92FF0-D72A-D7E5-1988-74628D39B94F}
		{77842697-8174-828C-B292-B30886D2FFB2} = {77842697-8174-828C-B292-B30886D2FFB2}
		{EC1C516D-E1D9-BC0A-F79D-E91E954ED8EC} = {EC1C516D-E1D9-BC0A-F79D-E91E954ED8EC}
		{4D8EF5A4-6DAD-80EB-8D2C-CF5A5E5DFA62} = {4D8EF5A4-6DAD-80EB-8D2C-CF5A5E5DFA62}
		{D855F918-41E5-A41F-C576-EB2DE770214F} = {D855F918-41E5-A41F-C576-EB2DE770214F}
		{9066E4D7-44F1-57B5-4309-662633F6247E} = {9066E4D7-44F1-57B5-4309-662633F6247E}
	EndProjectSection
EndProject
Project("{8BC9CEB8-8B4A-11D0-8D11-00A0C91BC942}") = "quickhull", "thirdparty\quickhull\quickhull.vcxproj", "{904E95A3-47B8-6758-2C2E-BCD7F0559006}"
EndProject
Project("{8BC9CEB8-8B4A-11D0-8D11-00A0C91BC942}") = "tier0", "tier0\tier0.vcxproj", "{77842697-8174-828C-B292-B30886D2FFB2}"
EndProject
Project("{8BC9CEB8-8B4A-11D0-8D11-00A0C91BC942}") = "tier1", "tier1\tier1.vcxproj", "{EC1C516D-E1D9-BC0A-F79D-E91E954ED8EC}"
EndProject
Project("{8BC9CEB8-8B4A-11D0-8D11-00A0C91BC942}") = "tier2", "tier2\tier2.vcxproj", "{4D8EF5A4-6DAD-80EB-8D2C-CF5A5E5DFA62}"
EndProject
Project("{8BC9CEB8-8B4A-11D0-8D11-00A0C91BC942}") = "tier3", "tier3\tier3.vcxproj", "{D855F918-41E5-A41F-C576-EB2DE770214F}"
EndProject
Project("{8BC9CEB8-8B4A-11D0-8D11-00A0C91BC942}") = "commedit", "tools\commedit\commedit.vcxproj", "{6132DF98-4575-B742-0367-3911886D7D2E}"
	ProjectSection(ProjectDependencies) = postProject
		{86BB3375-5628-454A-F74F-88F047EC894A} = {86BB3375-5628-454A-F74F-88F047EC894A}
		{2B0210EF-13D0-2F4F-C95A-A088F03276EE} = {2B0210EF-13D0-2F4F-C95A-A088F03276EE}
		{CAAFCF33-3300-592E-8801-2A62EFAB891D} = {CAAFCF33-3300-592E-8801-2A62EFAB891D}
		{8F28E772-D187-2ACE-6704-A05C90DBB78B} = {8F28E772-D187-2ACE-6704-A05C90DBB78B}
		{691D84CA-A3AB-8291-BFC5-40A19AFCBA99} = {691D84CA-A3AB-8291-BFC5-40A19AFCBA99}
		{53920C3D-8E89-A4CC-DA19-DCBA9C7B7FCE} = {53920C3D-8E89-A4CC-DA19-DCBA9C7B7FCE}
		{AD63A35E-A2AC-8A42-233E-5AC6CB325D34} = {AD63A35E-A2AC-8A42-233E-5AC6CB325D34}
		{BAB92FF0-D72A-D7E5-1988-74628D39B94F} = {BAB92FF0-D72A-D7E5-1988-74628D39B94F}
		{CAD9ADB1-E885-7A8F-80AF-5542266390F0} = {CAD9ADB1-E885-7A8F-80AF-5542266390F0}
		{77842697-8174-828C-B292-B30886D2FFB2} = {77842697-8174-828C-B292-B30886D2FFB2}
		{EC1C516D-E1D9-BC0A-F79D-E91E954ED8EC} = {EC1C516D-E1D9-BC0A-F79D-E91E954ED8EC}
		{4D8EF5A4-6DAD-80EB-8D2C-CF5A5E5DFA62} = {4D8EF5A4-6DAD-80EB-8D2C-CF5A5E5DFA62}
		{D855F918-41E5-A41F-C576-EB2DE770214F} = {D855F918-41E5-A41F-C576-EB2DE770214F}
		{6DB1657E-500A-123E-2A05-E31E626F3CF1} = {6DB1657E-500A-123E-2A05-E31E626F3CF1}
		{B0D3AEDE-1287-F03C-449E-EC7E7E549E46} = {B0D3AEDE-1287-F03C-449E-EC7E7E549E46}
		{E18D14DE-31A5-61D8-5406-C3D72A974173} = {E18D14DE-31A5-61D8-5406-C3D72A974173}
		{F69B3672-C5E8-CD1A-257F-253A25B5B939} = {F69B3672-C5E8-CD1A-257F-253A25B5B939}
		{9066E4D7-44F1-57B5-4309-662633F6247E} = {9066E4D7-44F1-57B5-4309-662633F6247E}
	EndProjectSection
EndProject
Project("{8BC9CEB8-8B4A-11D0-8D11-00A0C91BC942}") = "pet", "tools\pet\pet.vcxproj", "{6C43C0A8-8FBF-0F44-BA94-4D00524E45C3}"
	ProjectSection(ProjectDependencies) = postProject
		{86BB3375-5628-454A-F74F-88F047EC894A} = {86BB3375-5628-454A-F74F-88F047EC894A}
		{2B0210EF-13D0-2F4F-C95A-A088F03276EE} = {2B0210EF-13D0-2F4F-C95A-A088F03276EE}
		{CAAFCF33-3300-592E-8801-2A62EFAB891D} = {CAAFCF33-3300-592E-8801-2A62EFAB891D}
		{8F28E772-D187-2ACE-6704-A05C90DBB78B} = {8F28E772-D187-2ACE-6704-A05C90DBB78B}
		{691D84CA-A3AB-8291-BFC5-40A19AFCBA99} = {691D84CA-A3AB-8291-BFC5-40A19AFCBA99}
		{53920C3D-8E89-A4CC-DA19-DCBA9C7B7FCE} = {53920C3D-8E89-A4CC-DA19-DCBA9C7B7FCE}
		{AD63A35E-A2AC-8A42-233E-5AC6CB325D34} = {AD63A35E-A2AC-8A42-233E-5AC6CB325D34}
		{BAB92FF0-D72A-D7E5-1988-74628D39B94F} = {BAB92FF0-D72A-D7E5-1988-74628D39B94F}
		{CAD9ADB1-E885-7A8F-80AF-5542266390F0} = {CAD9ADB1-E885-7A8F-80AF-5542266390F0}
		{7E45214F-92B5-01AF-4495-B82455B39E7C} = {7E45214F-92B5-01AF-4495-B82455B39E7C}
		{77842697-8174-828C-B292-B30886D2FFB2} = {77842697-8174-828C-B292-B30886D2FFB2}
		{EC1C516D-E1D9-BC0A-F79D-E91E954ED8EC} = {EC1C516D-E1D9-BC0A-F79D-E91E954ED8EC}
		{4D8EF5A4-6DAD-80EB-8D2C-CF5A5E5DFA62} = {4D8EF5A4-6DAD-80EB-8D2C-CF5A5E5DFA62}
		{D855F918-41E5-A41F-C576-EB2DE770214F} = {D855F918-41E5-A41F-C576-EB2DE770214F}
		{6DB1657E-500A-123E-2A05-E31E626F3CF1} = {6DB1657E-500A-123E-2A05-E31E626F3CF1}
		{B0D3AEDE-1287-F03C-449E-EC7E7E549E46} = {B0D3AEDE-1287-F03C-449E-EC7E7E549E46}
		{E18D14DE-31A5-61D8-5406-C3D72A974173} = {E18D14DE-31A5-61D8-5406-C3D72A974173}
		{F69B3672-C5E8-CD1A-257F-253A25B5B939} = {F69B3672-C5E8-CD1A-257F-253A25B5B939}
		{9066E4D7-44F1-57B5-4309-662633F6247E} = {9066E4D7-44F1-57B5-4309-662633F6247E}
	EndProjectSection
EndProject
Project("{8BC9CEB8-8B4A-11D0-8D11-00A0C91BC942}") = "toolutils", "tools\toolutils\toolutils.vcxproj", "{6DB1657E-500A-123E-2A05-E31E626F3CF1}"
EndProject
Project("{8BC9CEB8-8B4A-11D0-8D11-00A0C91BC942}") = "vmt", "tools\vmt\vmt.vcxproj", "{00E6169F-29FB-18B8-B005-327E82788CBF}"
	ProjectSection(ProjectDependencies) = postProject
		{86BB3375-5628-454A-F74F-88F047EC894A} = {86BB3375-5628-454A-F74F-88F047EC894A}
		{2B0210EF-13D0-2F4F-C95A-A088F03276EE} = {2B0210EF-13D0-2F4F-C95A-A088F03276EE}
		{CAAFCF33-3300-592E-8801-2A62EFAB891D} = {CAAFCF33-3300-592E-8801-2A62EFAB891D}
		{8F28E772-D187-2ACE-6704-A05C90DBB78B} = {8F28E772-D187-2ACE-6704-A05C90DBB78B}
		{691D84CA-A3AB-8291-BFC5-40A19AFCBA99} = {691D84CA-A3AB-8291-BFC5-40A19AFCBA99}
		{53920C3D-8E89-A4CC-DA19-DCBA9C7B7FCE} = {53920C3D-8E89-A4CC-DA19-DCBA9C7B7FCE}
		{AD63A35E-A2AC-8A42-233E-5AC6CB325D34} = {AD63A35E-A2AC-8A42-233E-5AC6CB325D34}
		{BAB92FF0-D72A-D7E5-1988-74628D39B94F} = {BAB92FF0-D72A-D7E5-1988-74628D39B94F}
		{CAD9ADB1-E885-7A8F-80AF-5542266390F0} = {CAD9ADB1-E885-7A8F-80AF-5542266390F0}
		{7E45214F-92B5-01AF-4495-B82455B39E7C} = {7E45214F-92B5-01AF-4495-B82455B39E7C}
		{77842697-8174-828C-B292-B30886D2FFB2} = {77842697-8174-828C-B292-B30886D2FFB2}
		{EC1C516D-E1D9-BC0A-F79D-E91E954ED8EC} = {EC1C516D-E1D9-BC0A-F79D-E91E954ED8EC}
		{4D8EF5A4-6DAD-80EB-8D2C-CF5A5E5DFA62} = {4D8EF5A4-6DAD-80EB-8D2C-CF5A5E5DFA62}
		{D855F918-41E5-A41F-C576-EB2DE770214F} = {D855F918-41E5-A41F-C576-EB2DE770214F}
		{6DB1657E-500A-123E-2A05-E31E626F3CF1} = {6DB1657E-500A-123E-2A05-E31E626F3CF1}
		{B0D3AEDE-1287-F03C-449E-EC7E7E549E46} = {B0D3AEDE-1287-F03C-449E-EC7E7E549E46}
		{E18D14DE-31A5-61D8-5406-C3D72A974173} = {E18D14DE-31A5-61D8-5406-C3D72A974173}
		{F69B3672-C5E8-CD1A-257F-253A25B5B939} = {F69B3672-C5E8-CD1A-257F-253A25B5B939}
		{9066E4D7-44F1-57B5-4309-662633F6247E} = {9066E4D7-44F1-57B5-4309-662633F6247E}
	EndProjectSection
EndProject
Project("{8BC9CEB8-8B4A-11D0-8D11-00A0C91BC942}") = "FileSystemOpenDialog", "utils\FileSystemOpenDialog\FileSystemOpenDialog.vcxproj", "{0BA0FAE6-DAF8-B111-176F-332D6901874F}"
	ProjectSection(ProjectDependencies) = postProject
		{AD63A35E-A2AC-8A42-233E-5AC6CB325D34} = {AD63A35E-A2AC-8A42-233E-5AC6CB325D34}
		{77842697-8174-828C-B292-B30886D2FFB2} = {77842697-8174-828C-B292-B30886D2FFB2}
		{EC1C516D-E1D9-BC0A-F79D-E91E954ED8EC} = {EC1C516D-E1D9-BC0A-F79D-E91E954ED8EC}
		{9066E4D7-44F1-57B5-4309-662633F6247E} = {9066E4D7-44F1-57B5-4309-662633F6247E}
	EndProjectSection
EndProject
Project("{8BC9CEB8-8B4A-11D0-8D11-00A0C91BC942}") = "hlmv", "utils\hlmv\hlmv.vcxproj", "{31220729-0679-0CF7-CE7E-87E09947E5D1}"
	ProjectSection(ProjectDependencies) = postProject
		{03BD822F-165F-485B-4447-EC8C827C9611} = {03BD822F-165F-485B-4447-EC8C827C9611}
		{86BB3375-5628-454A-F74F-88F047EC894A} = {86BB3375-5628-454A-F74F-88F047EC894A}
		{2B0210EF-13D0-2F4F-C95A-A088F03276EE} = {2B0210EF-13D0-2F4F-C95A-A088F03276EE}
		{CAAFCF33-3300-592E-8801-2A62EFAB891D} = {CAAFCF33-3300-592E-8801-2A62EFAB891D}
		{8F28E772-D187-2ACE-6704-A05C90DBB78B} = {8F28E772-D187-2ACE-6704-A05C90DBB78B}
		{691D84CA-A3AB-8291-BFC5-40A19AFCBA99} = {691D84CA-A3AB-8291-BFC5-40A19AFCBA99}
		{AD63A35E-A2AC-8A42-233E-5AC6CB325D34} = {AD63A35E-A2AC-8A42-233E-5AC6CB325D34}
		{BAB92FF0-D72A-D7E5-1988-74628D39B94F} = {BAB92FF0-D72A-D7E5-1988-74628D39B94F}
		{D4664DDA-6071-8465-D286-02649CB82F56} = {D4664DDA-6071-8465-D286-02649CB82F56}
		{C3CE5691-7D7A-37DA-4B88-0C6F15549AE5} = {C3CE5691-7D7A-37DA-4B88-0C6F15549AE5}
		{CAD9ADB1-E885-7A8F-80AF-5542266390F0} = {CAD9ADB1-E885-7A8F-80AF-5542266390F0}
		{548EAF73-E359-115A-FC55-9505DE855C93} = {548EAF73-E359-115A-FC55-9505DE855C93}
		{77842697-8174-828C-B292-B30886D2FFB2} = {77842697-8174-828C-B292-B30886D2FFB2}
		{EC1C516D-E1D9-BC0A-F79D-E91E954ED8EC} = {EC1C516D-E1D9-BC0A-F79D-E91E954ED8EC}
		{4D8EF5A4-6DAD-80EB-8D2C-CF5A5E5DFA62} = {4D8EF5A4-6DAD-80EB-8D2C-CF5A5E5DFA62}
		{D855F918-41E5-A41F-C576-EB2DE770214F} = {D855F918-41E5-A41F-C576-EB2DE770214F}
		{BE71EFEC-D219-9342-FF8F-C888D383E47C} = {BE71EFEC-D219-9342-FF8F-C888D383E47C}
		{9066E4D7-44F1-57B5-4309-662633F6247E} = {9066E4D7-44F1-57B5-4309-662633F6247E}
	EndProjectSection
EndProject
Project("{8BC9CEB8-8B4A-11D0-8D11-00A0C91BC942}") = "mxtoolkitwin32", "utils\mxtk\mxtoolkitwin32.vcxproj", "{BE71EFEC-D219-9342-FF8F-C888D383E47C}"
EndProject
Project("{8BC9CEB8-8B4A-11D0-8D11-00A0C91BC942}") = "shadercompile_dll", "utils\shadercompile\shadercompile_dll.vcxproj", "{A2BF93F0-53CE-FEB8-19F2-0F4FE373966E}"
	ProjectSection(ProjectDependencies) = postProject
		{AD63A35E-A2AC-8A42-233E-5AC6CB325D34} = {AD63A35E-A2AC-8A42-233E-5AC6CB325D34}
		{77842697-8174-828C-B292-B30886D2FFB2} = {77842697-8174-828C-B292-B30886D2FFB2}
		{EC1C516D-E1D9-BC0A-F79D-E91E954ED8EC} = {EC1C516D-E1D9-BC0A-F79D-E91E954ED8EC}
		{4D8EF5A4-6DAD-80EB-8D2C-CF5A5E5DFA62} = {4D8EF5A4-6DAD-80EB-8D2C-CF5A5E5DFA62}
		{9066E4D7-44F1-57B5-4309-662633F6247E} = {9066E4D7-44F1-57B5-4309-662633F6247E}
	EndProjectSection
EndProject
Project("{8BC9CEB8-8B4A-11D0-8D11-00A0C91BC942}") = "shadercompile_launcher", "utils\shadercompile_launcher\shadercompile_launcher.vcxproj", "{8452609C-C590-8BE1-09BD-3F16AF8A2EFB}"
	ProjectSection(ProjectDependencies) = postProject
		{AD63A35E-A2AC-8A42-233E-5AC6CB325D34} = {AD63A35E-A2AC-8A42-233E-5AC6CB325D34}
		{77842697-8174-828C-B292-B30886D2FFB2} = {77842697-8174-828C-B292-B30886D2FFB2}
		{EC1C516D-E1D9-BC0A-F79D-E91E954ED8EC} = {EC1C516D-E1D9-BC0A-F79D-E91E954ED8EC}
		{9066E4D7-44F1-57B5-4309-662633F6247E} = {9066E4D7-44F1-57B5-4309-662633F6247E}
	EndProjectSection
EndProject
Project("{8BC9CEB8-8B4A-11D0-8D11-00A0C91BC942}") = "vbsp", "utils\vbsp\vbsp.vcxproj", "{E4F39B89-9731-571D-B69D-C1B8FE56C056}"
	ProjectSection(ProjectDependencies) = postProject
		{86BB3375-5628-454A-F74F-88F047EC894A} = {86BB3375-5628-454A-F74F-88F047EC894A}
		{2B0210EF-13D0-2F4F-C95A-A088F03276EE} = {2B0210EF-13D0-2F4F-C95A-A088F03276EE}
		{A2ACA839-712B-1CD6-60AA-5D1BC7C8BAE6} = {A2ACA839-712B-1CD6-60AA-5D1BC7C8BAE6}
		{AD63A35E-A2AC-8A42-233E-5AC6CB325D34} = {AD63A35E-A2AC-8A42-233E-5AC6CB325D34}
		{BAB92FF0-D72A-D7E5-1988-74628D39B94F} = {BAB92FF0-D72A-D7E5-1988-74628D39B94F}
		{77842697-8174-828C-B292-B30886D2FFB2} = {77842697-8174-828C-B292-B30886D2FFB2}
		{EC1C516D-E1D9-BC0A-F79D-E91E954ED8EC} = {EC1C516D-E1D9-BC0A-F79D-E91E954ED8EC}
		{4D8EF5A4-6DAD-80EB-8D2C-CF5A5E5DFA62} = {4D8EF5A4-6DAD-80EB-8D2C-CF5A5E5DFA62}
		{9066E4D7-44F1-57B5-4309-662633F6247E} = {9066E4D7-44F1-57B5-4309-662633F6247E}
		{0E6C962D-03A2-9647-A613-9630B1BFAE6A} = {0E6C962D-03A2-9647-A613-9630B1BFAE6A}
	EndProjectSection
EndProject
Project("{8BC9CEB8-8B4A-11D0-8D11-00A0C91BC942}") = "vbspinfo", "utils\vbspinfo\vbspinfo.vcxproj", "{42A93483-5C79-863A-D5D4-230C26E1E02A}"
	ProjectSection(ProjectDependencies) = postProject
		{AD63A35E-A2AC-8A42-233E-5AC6CB325D34} = {AD63A35E-A2AC-8A42-233E-5AC6CB325D34}
		{BAB92FF0-D72A-D7E5-1988-74628D39B94F} = {BAB92FF0-D72A-D7E5-1988-74628D39B94F}
		{77842697-8174-828C-B292-B30886D2FFB2} = {77842697-8174-828C-B292-B30886D2FFB2}
		{EC1C516D-E1D9-BC0A-F79D-E91E954ED8EC} = {EC1C516D-E1D9-BC0A-F79D-E91E954ED8EC}
		{4D8EF5A4-6DAD-80EB-8D2C-CF5A5E5DFA62} = {4D8EF5A4-6DAD-80EB-8D2C-CF5A5E5DFA62}
		{9066E4D7-44F1-57B5-4309-662633F6247E} = {9066E4D7-44F1-57B5-4309-662633F6247E}
	EndProjectSection
EndProject
Project("{8BC9CEB8-8B4A-11D0-8D11-00A0C91BC942}") = "vtex_dll", "utils\vtex\vtex_dll.vcxproj", "{CCC89B18-CACA-D6A3-B9FC-BB41C2A6C49E}"
	ProjectSection(ProjectDependencies) = postProject
		{86BB3375-5628-454A-F74F-88F047EC894A} = {86BB3375-5628-454A-F74F-88F047EC894A}
		{2B0210EF-13D0-2F4F-C95A-A088F03276EE} = {2B0210EF-13D0-2F4F-C95A-A088F03276EE}
		{8F28E772-D187-2ACE-6704-A05C90DBB78B} = {8F28E772-D187-2ACE-6704-A05C90DBB78B}
		{691D84CA-A3AB-8291-BFC5-40A19AFCBA99} = {691D84CA-A3AB-8291-BFC5-40A19AFCBA99}
		{AD63A35E-A2AC-8A42-233E-5AC6CB325D34} = {AD63A35E-A2AC-8A42-233E-5AC6CB325D34}
		{D76228B6-B4E9-4C5C-6749-38E6A57EA529} = {D76228B6-B4E9-4C5C-6749-38E6A57EA529}
		{BAB92FF0-D72A-D7E5-1988-74628D39B94F} = {BAB92FF0-D72A-D7E5-1988-74628D39B94F}
		{548EAF73-E359-115A-FC55-9505DE855C93} = {548EAF73-E359-115A-FC55-9505DE855C93}
		{77842697-8174-828C-B292-B30886D2FFB2} = {77842697-8174-828C-B292-B30886D2FFB2}
		{EC1C516D-E1D9-BC0A-F79D-E91E954ED8EC} = {EC1C516D-E1D9-BC0A-F79D-E91E954ED8EC}
		{4D8EF5A4-6DAD-80EB-8D2C-CF5A5E5DFA62} = {4D8EF5A4-6DAD-80EB-8D2C-CF5A5E5DFA62}
		{D855F918-41E5-A41F-C576-EB2DE770214F} = {D855F918-41E5-A41F-C576-EB2DE770214F}
		{9066E4D7-44F1-57B5-4309-662633F6247E} = {9066E4D7-44F1-57B5-4309-662633F6247E}
		{0E6C962D-03A2-9647-A613-9630B1BFAE6A} = {0E6C962D-03A2-9647-A613-9630B1BFAE6A}
	EndProjectSection
EndProject
Project("{8BC9CEB8-8B4A-11D0-8D11-00A0C91BC942}") = "vtex_launcher", "utils\vtex\vtex_launcher.vcxproj", "{354F579A-78FC-A73E-276E-F805BAB05C34}"
	ProjectSection(ProjectDependencies) = postProject
		{AD63A35E-A2AC-8A42-233E-5AC6CB325D34} = {AD63A35E-A2AC-8A42-233E-5AC6CB325D34}
		{BAB92FF0-D72A-D7E5-1988-74628D39B94F} = {BAB92FF0-D72A-D7E5-1988-74628D39B94F}
		{77842697-8174-828C-B292-B30886D2FFB2} = {77842697-8174-828C-B292-B30886D2FFB2}
		{EC1C516D-E1D9-BC0A-F79D-E91E954ED8EC} = {EC1C516D-E1D9-BC0A-F79D-E91E954ED8EC}
		{4D8EF5A4-6DAD-80EB-8D2C-CF5A5E5DFA62} = {4D8EF5A4-6DAD-80EB-8D2C-CF5A5E5DFA62}
		{9066E4D7-44F1-57B5-4309-662633F6247E} = {9066E4D7-44F1-57B5-4309-662633F6247E}
	EndProjectSection
EndProject
Project("{8BC9CEB8-8B4A-11D0-8D11-00A0C91BC942}") = "vvis_dll", "utils\vvis\vvis_dll.vcxproj", "{AC70A841-561F-4DAE-7864-E50541AD99ED}"
	ProjectSection(ProjectDependencies) = postProject
		{AD63A35E-A2AC-8A42-233E-5AC6CB325D34} = {AD63A35E-A2AC-8A42-233E-5AC6CB325D34}
		{BAB92FF0-D72A-D7E5-1988-74628D39B94F} = {BAB92FF0-D72A-D7E5-1988-74628D39B94F}
		{77842697-8174-828C-B292-B30886D2FFB2} = {77842697-8174-828C-B292-B30886D2FFB2}
		{EC1C516D-E1D9-BC0A-F79D-E91E954ED8EC} = {EC1C516D-E1D9-BC0A-F79D-E91E954ED8EC}
		{4D8EF5A4-6DAD-80EB-8D2C-CF5A5E5DFA62} = {4D8EF5A4-6DAD-80EB-8D2C-CF5A5E5DFA62}
		{9066E4D7-44F1-57B5-4309-662633F6247E} = {9066E4D7-44F1-57B5-4309-662633F6247E}
	EndProjectSection
EndProject
Project("{8BC9CEB8-8B4A-11D0-8D11-00A0C91BC942}") = "vvis_launcher", "utils\vvis_launcher\vvis_launcher.vcxproj", "{E3E2CF1C-9EE4-3173-C39F-D0D4F5483CB6}"
	ProjectSection(ProjectDependencies) = postProject
		{AD63A35E-A2AC-8A42-233E-5AC6CB325D34} = {AD63A35E-A2AC-8A42-233E-5AC6CB325D34}
		{77842697-8174-828C-B292-B30886D2FFB2} = {77842697-8174-828C-B292-B30886D2FFB2}
		{EC1C516D-E1D9-BC0A-F79D-E91E954ED8EC} = {EC1C516D-E1D9-BC0A-F79D-E91E954ED8EC}
		{9066E4D7-44F1-57B5-4309-662633F6247E} = {9066E4D7-44F1-57B5-4309-662633F6247E}
	EndProjectSection
EndProject
Project("{8BC9CEB8-8B4A-11D0-8D11-00A0C91BC942}") = "vrad_dll", "utils\vrad\vrad_dll.vcxproj", "{90A78BD4-2532-39D9-6D34-7A3C2648508C}"
	ProjectSection(ProjectDependencies) = postProject
		{86BB3375-5628-454A-F74F-88F047EC894A} = {86BB3375-5628-454A-F74F-88F047EC894A}
		{2B0210EF-13D0-2F4F-C95A-A088F03276EE} = {2B0210EF-13D0-2F4F-C95A-A088F03276EE}
		{AD63A35E-A2AC-8A42-233E-5AC6CB325D34} = {AD63A35E-A2AC-8A42-233E-5AC6CB325D34}
		{BAB92FF0-D72A-D7E5-1988-74628D39B94F} = {BAB92FF0-D72A-D7E5-1988-74628D39B94F}
		{95D67225-8415-236F-9128-DCB171B7DEC6} = {95D67225-8415-236F-9128-DCB171B7DEC6}
		{77842697-8174-828C-B292-B30886D2FFB2} = {77842697-8174-828C-B292-B30886D2FFB2}
		{EC1C516D-E1D9-BC0A-F79D-E91E954ED8EC} = {EC1C516D-E1D9-BC0A-F79D-E91E954ED8EC}
		{4D8EF5A4-6DAD-80EB-8D2C-CF5A5E5DFA62} = {4D8EF5A4-6DAD-80EB-8D2C-CF5A5E5DFA62}
		{9066E4D7-44F1-57B5-4309-662633F6247E} = {9066E4D7-44F1-57B5-4309-662633F6247E}
		{0E6C962D-03A2-9647-A613-9630B1BFAE6A} = {0E6C962D-03A2-9647-A613-9630B1BFAE6A}
	EndProjectSection
EndProject
Project("{8BC9CEB8-8B4A-11D0-8D11-00A0C91BC942}") = "vrad_launcher", "utils\vrad_launcher\vrad_launcher.vcxproj", "{0B6929D0-4447-E035-E47A-EBFCE557D5B3}"
	ProjectSection(ProjectDependencies) = postProject
		{AD63A35E-A2AC-8A42-233E-5AC6CB325D34} = {AD63A35E-A2AC-8A42-233E-5AC6CB325D34}
		{77842697-8174-828C-B292-B30886D2FFB2} = {77842697-8174-828C-B292-B30886D2FFB2}
		{EC1C516D-E1D9-BC0A-F79D-E91E954ED8EC} = {EC1C516D-E1D9-BC0A-F79D-E91E954ED8EC}
		{9066E4D7-44F1-57B5-4309-662633F6247E} = {9066E4D7-44F1-57B5-4309-662633F6247E}
	EndProjectSection
EndProject
Project("{8BC9CEB8-8B4A-11D0-8D11-00A0C91BC942}") = "dme_controls", "vgui2\dme_controls\dme_controls.vcxproj", "{B0D3AEDE-1287-F03C-449E-EC7E7E549E46}"
EndProject
Project("{8BC9CEB8-8B4A-11D0-8D11-00A0C91BC942}") = "game_controls", "vgui2\game_controls\game_controls.vcxproj", "{8EF3A82E-CCB0-991C-3EF5-6370F2CFBF53}"
EndProject
Project("{8BC9CEB8-8B4A-11D0-8D11-00A0C91BC942}") = "matsys_controls", "vgui2\matsys_controls\matsys_controls.vcxproj", "{E18D14DE-31A5-61D8-5406-C3D72A974173}"
	ProjectSection(ProjectDependencies) = postProject
		{86BB3375-5628-454A-F74F-88F047EC894A} = {86BB3375-5628-454A-F74F-88F047EC894A}
		{2B0210EF-13D0-2F4F-C95A-A088F03276EE} = {2B0210EF-13D0-2F4F-C95A-A088F03276EE}
	EndProjectSection
EndProject
Project("{8BC9CEB8-8B4A-11D0-8D11-00A0C91BC942}") = "vgui_dll", "vgui2\src\vgui_dll.vcxproj", "{3E6A2972-E72E-1163-1718-8F8FE8026092}"
	ProjectSection(ProjectDependencies) = postProject
		{AD63A35E-A2AC-8A42-233E-5AC6CB325D34} = {AD63A35E-A2AC-8A42-233E-5AC6CB325D34}
		{77842697-8174-828C-B292-B30886D2FFB2} = {77842697-8174-828C-B292-B30886D2FFB2}
		{EC1C516D-E1D9-BC0A-F79D-E91E954ED8EC} = {EC1C516D-E1D9-BC0A-F79D-E91E954ED8EC}
		{4D8EF5A4-6DAD-80EB-8D2C-CF5A5E5DFA62} = {4D8EF5A4-6DAD-80EB-8D2C-CF5A5E5DFA62}
		{D855F918-41E5-A41F-C576-EB2DE770214F} = {D855F918-41E5-A41F-C576-EB2DE770214F}
		{3A61C250-3B1C-A4FE-19D0-C8D1B22C6982} = {3A61C250-3B1C-A4FE-19D0-C8D1B22C6982}
		{9066E4D7-44F1-57B5-4309-662633F6247E} = {9066E4D7-44F1-57B5-4309-662633F6247E}
	EndProjectSection
EndProject
Project("{8BC9CEB8-8B4A-11D0-8D11-00A0C91BC942}") = "vgui_controls", "vgui2\vgui_controls\vgui_controls.vcxproj", "{F69B3672-C5E8-CD1A-257F-253A25B5B939}"
EndProject
Project("{8BC9CEB8-8B4A-11D0-8D11-00A0C91BC942}") = "vgui_surfacelib", "vgui2\vgui_surfacelib\vgui_surfacelib.vcxproj", "{3A61C250-3B1C-A4FE-19D0-C8D1B22C6982}"
EndProject
Project("{8BC9CEB8-8B4A-11D0-8D11-00A0C91BC942}") = "vlocalize", "vgui2\vlocalize\vlocalize.vcxproj", "{D9E7B5EA-7A54-2BF9-9D0F-7625944456CB}"
	ProjectSection(ProjectDependencies) = postProject
		{03BD822F-165F-485B-4447-EC8C827C9611} = {03BD822F-165F-485B-4447-EC8C827C9611}
		{53920C3D-8E89-A4CC-DA19-DCBA9C7B7FCE} = {53920C3D-8E89-A4CC-DA19-DCBA9C7B7FCE}
		{AD63A35E-A2AC-8A42-233E-5AC6CB325D34} = {AD63A35E-A2AC-8A42-233E-5AC6CB325D34}
		{BAB92FF0-D72A-D7E5-1988-74628D39B94F} = {BAB92FF0-D72A-D7E5-1988-74628D39B94F}
		{77842697-8174-828C-B292-B30886D2FFB2} = {77842697-8174-828C-B292-B30886D2FFB2}
		{EC1C516D-E1D9-BC0A-F79D-E91E954ED8EC} = {EC1C516D-E1D9-BC0A-F79D-E91E954ED8EC}
		{4D8EF5A4-6DAD-80EB-8D2C-CF5A5E5DFA62} = {4D8EF5A4-6DAD-80EB-8D2C-CF5A5E5DFA62}
		{D855F918-41E5-A41F-C576-EB2DE770214F} = {D855F918-41E5-A41F-C576-EB2DE770214F}
		{F69B3672-C5E8-CD1A-257F-253A25B5B939} = {F69B3672-C5E8-CD1A-257F-253A25B5B939}
		{9066E4D7-44F1-57B5-4309-662633F6247E} = {9066E4D7-44F1-57B5-4309-662633F6247E}
	EndProjectSection
EndProject
Project("{8BC9CEB8-8B4A-11D0-8D11-00A0C91BC942}") = "vguimatsurface", "vguimatsurface\vguimatsurface.vcxproj", "{1314D89B-B7E1-9CDC-034A-96A7A8B5F1DD}"
	ProjectSection(ProjectDependencies) = postProject
		{86BB3375-5628-454A-F74F-88F047EC894A} = {86BB3375-5628-454A-F74F-88F047EC894A}
		{2B0210EF-13D0-2F4F-C95A-A088F03276EE} = {2B0210EF-13D0-2F4F-C95A-A088F03276EE}
		{53920C3D-8E89-A4CC-DA19-DCBA9C7B7FCE} = {53920C3D-8E89-A4CC-DA19-DCBA9C7B7FCE}
		{AD63A35E-A2AC-8A42-233E-5AC6CB325D34} = {AD63A35E-A2AC-8A42-233E-5AC6CB325D34}
		{BAB92FF0-D72A-D7E5-1988-74628D39B94F} = {BAB92FF0-D72A-D7E5-1988-74628D39B94F}
		{77842697-8174-828C-B292-B30886D2FFB2} = {77842697-8174-828C-B292-B30886D2FFB2}
		{EC1C516D-E1D9-BC0A-F79D-E91E954ED8EC} = {EC1C516D-E1D9-BC0A-F79D-E91E954ED8EC}
		{4D8EF5A4-6DAD-80EB-8D2C-CF5A5E5DFA62} = {4D8EF5A4-6DAD-80EB-8D2C-CF5A5E5DFA62}
		{D855F918-41E5-A41F-C576-EB2DE770214F} = {D855F918-41E5-A41F-C576-EB2DE770214F}
		{F69B3672-C5E8-CD1A-257F-253A25B5B939} = {F69B3672-C5E8-CD1A-257F-253A25B5B939}
		{3A61C250-3B1C-A4FE-19D0-C8D1B22C6982} = {3A61C250-3B1C-A4FE-19D0-C8D1B22C6982}
		{9066E4D7-44F1-57B5-4309-662633F6247E} = {9066E4D7-44F1-57B5-4309-662633F6247E}
	EndProjectSection
EndProject
Project("{8BC9CEB8-8B4A-11D0-8D11-00A0C91BC942}") = "unitlib", "unitlib\unitlib.vcxproj", "{FAAF8802-67C8-B713-EC52-BAA89FE3C97D}"
	ProjectSection(ProjectDependencies) = postProject
		{AD63A35E-A2AC-8A42-233E-5AC6CB325D34} = {AD63A35E-A2AC-8A42-233E-5AC6CB325D34}
		{77842697-8174-828C-B292-B30886D2FFB2} = {77842697-8174-828C-B292-B30886D2FFB2}
		{EC1C516D-E1D9-BC0A-F79D-E91E954ED8EC} = {EC1C516D-E1D9-BC0A-F79D-E91E954ED8EC}
		{9066E4D7-44F1-57B5-4309-662633F6247E} = {9066E4D7-44F1-57B5-4309-662633F6247E}
	EndProjectSection
EndProject
Project("{8BC9CEB8-8B4A-11D0-8D11-00A0C91BC942}") = "localize", "localize\localize.vcxproj", "{A9537FE2-D52F-2B69-31E2-492F21E14D61}"
	ProjectSection(ProjectDependencies) = postProject
		{AD63A35E-A2AC-8A42-233E-5AC6CB325D34} = {AD63A35E-A2AC-8A42-233E-5AC6CB325D34}
		{77842697-8174-828C-B292-B30886D2FFB2} = {77842697-8174-828C-B292-B30886D2FFB2}
		{EC1C516D-E1D9-BC0A-F79D-E91E954ED8EC} = {EC1C516D-E1D9-BC0A-F79D-E91E954ED8EC}
		{4D8EF5A4-6DAD-80EB-8D2C-CF5A5E5DFA62} = {4D8EF5A4-6DAD-80EB-8D2C-CF5A5E5DFA62}
		{9066E4D7-44F1-57B5-4309-662633F6247E} = {9066E4D7-44F1-57B5-4309-662633F6247E}
	EndProjectSection
EndProject
Project("{8BC9CEB8-8B4A-11D0-8D11-00A0C91BC942}") = "bzip2", "utils\bzip2\bzip2.vcxproj", "{03CE1BA3-14F3-67FD-D098-87FC8F60578B}"
EndProject
Project("{8BC9CEB8-8B4A-11D0-8D11-00A0C91BC942}") = "videocfg", "videocfg\videocfg.vcxproj", "{4E226FD0-5B8A-0DC8-F6A0-A9A56D772D0E}"
EndProject
Project("{8BC9CEB8-8B4A-11D0-8D11-00A0C91BC942}") = "newdat", "utils\newdat\newdat.vcxproj", "{26E71697-1389-2405-2F96-0B721EB98F0B}"
	ProjectSection(ProjectDependencies) = postProject
		{AD63A35E-A2AC-8A42-233E-5AC6CB325D34} = {AD63A35E-A2AC-8A42-233E-5AC6CB325D34}
		{77842697-8174-828C-B292-B30886D2FFB2} = {77842697-8174-828C-B292-B30886D2FFB2}
		{EC1C516D-E1D9-BC0A-F79D-E91E954ED8EC} = {EC1C516D-E1D9-BC0A-F79D-E91E954ED8EC}
		{9066E4D7-44F1-57B5-4309-662633F6247E} = {9066E4D7-44F1-57B5-4309-662633F6247E}
	EndProjectSection
EndProject
Project("{8BC9CEB8-8B4A-11D0-8D11-00A0C91BC942}") = "vpklib", "vpklib\vpklib.vcxproj", "{9965B5DD-F9B0-A6C0-BAF1-F32A601FE9FF}"
EndProject
Project("{8BC9CEB8-8B4A-11D0-8D11-00A0C91BC942}") = "vscript", "vscript\vscript.vcxproj", "{AA93A75A-4110-C28B-CC6A-914379C90659}"
	ProjectSection(ProjectDependencies) = postProject
		{AD63A35E-A2AC-8A42-233E-5AC6CB325D34} = {AD63A35E-A2AC-8A42-233E-5AC6CB325D34}
		{BAB92FF0-D72A-D7E5-1988-74628D39B94F} = {BAB92FF0-D72A-D7E5-1988-74628D39B94F}
		{77842697-8174-828C-B292-B30886D2FFB2} = {77842697-8174-828C-B292-B30886D2FFB2}
		{EC1C516D-E1D9-BC0A-F79D-E91E954ED8EC} = {EC1C516D-E1D9-BC0A-F79D-E91E954ED8EC}
		{9066E4D7-44F1-57B5-4309-662633F6247E} = {9066E4D7-44F1-57B5-4309-662633F6247E}
	EndProjectSection
EndProject
Project("{8BC9CEB8-8B4A-11D0-8D11-00A0C91BC942}") = "vstdlib", "vstdlib\vstdlib.vcxproj", "{9066E4D7-44F1-57B5-4309-662633F6247E}"
	ProjectSection(ProjectDependencies) = postProject
		{AD63A35E-A2AC-8A42-233E-5AC6CB325D34} = {AD63A35E-A2AC-8A42-233E-5AC6CB325D34}
		{77842697-8174-828C-B292-B30886D2FFB2} = {77842697-8174-828C-B292-B30886D2FFB2}
		{EC1C516D-E1D9-BC0A-F79D-E91E954ED8EC} = {EC1C516D-E1D9-BC0A-F79D-E91E954ED8EC}
	EndProjectSection
EndProject
Project("{8BC9CEB8-8B4A-11D0-8D11-00A0C91BC942}") = "vtf", "vtf\vtf.vcxproj", "{0E6C962D-03A2-9647-A613-9630B1BFAE6A}"
EndProject
Global
	GlobalSection(SolutionConfigurationPlatforms) = preSolution
		Debug|win32 = Debug|win32
		Release|win32 = Release|win32
	EndGlobalSection
	GlobalSection(ProjectConfigurationPlatforms) = postSolution
		{03BD822F-165F-485B-4447-EC8C827C9611}.Debug|win32.ActiveCfg = Debug|Win32
		{03BD822F-165F-485B-4447-EC8C827C9611}.Debug|win32.Build.0 = Debug|Win32
		{03BD822F-165F-485B-4447-EC8C827C9611}.Release|win32.ActiveCfg = Release|Win32
		{03BD822F-165F-485B-4447-EC8C827C9611}.Release|win32.Build.0 = Release|Win32
		{87C8A7DF-2A52-4049-44B0-12448C8D04F2}.Debug|win32.ActiveCfg = Debug|Win32
		{87C8A7DF-2A52-4049-44B0-12448C8D04F2}.Debug|win32.Build.0 = Debug|Win32
		{87C8A7DF-2A52-4049-44B0-12448C8D04F2}.Release|win32.ActiveCfg = Release|Win32
		{87C8A7DF-2A52-4049-44B0-12448C8D04F2}.Release|win32.Build.0 = Release|Win32
		{86BB3375-5628-454A-F74F-88F047EC894A}.Debug|win32.ActiveCfg = Debug|Win32
		{86BB3375-5628-454A-F74F-88F047EC894A}.Debug|win32.Build.0 = Debug|Win32
		{86BB3375-5628-454A-F74F-88F047EC894A}.Release|win32.ActiveCfg = Release|Win32
		{86BB3375-5628-454A-F74F-88F047EC894A}.Release|win32.Build.0 = Release|Win32
		{2B0210EF-13D0-2F4F-C95A-A088F03276EE}.Debug|win32.ActiveCfg = Debug|Win32
		{2B0210EF-13D0-2F4F-C95A-A088F03276EE}.Debug|win32.Build.0 = Debug|Win32
		{2B0210EF-13D0-2F4F-C95A-A088F03276EE}.Release|win32.ActiveCfg = Release|Win32
		{2B0210EF-13D0-2F4F-C95A-A088F03276EE}.Release|win32.Build.0 = Release|Win32
		{CAAFCF33-3300-592E-8801-2A62EFAB891D}.Debug|win32.ActiveCfg = Debug|Win32
		{CAAFCF33-3300-592E-8801-2A62EFAB891D}.Debug|win32.Build.0 = Debug|Win32
		{CAAFCF33-3300-592E-8801-2A62EFAB891D}.Release|win32.ActiveCfg = Release|Win32
		{CAAFCF33-3300-592E-8801-2A62EFAB891D}.Release|win32.Build.0 = Release|Win32
		{77192ACD-B5BD-65EE-04FC-8BBB6ACB3E2C}.Debug|win32.ActiveCfg = Debug|Win32
		{77192ACD-B5BD-65EE-04FC-8BBB6ACB3E2C}.Debug|win32.Build.0 = Debug|Win32
		{77192ACD-B5BD-65EE-04FC-8BBB6ACB3E2C}.Release|win32.ActiveCfg = Release|Win32
		{77192ACD-B5BD-65EE-04FC-8BBB6ACB3E2C}.Release|win32.Build.0 = Release|Win32
		{AD5358D5-10AB-C05D-5008-2F1199805BC6}.Debug|win32.ActiveCfg = Debug|Win32
		{AD5358D5-10AB-C05D-5008-2F1199805BC6}.Debug|win32.Build.0 = Debug|Win32
		{AD5358D5-10AB-C05D-5008-2F1199805BC6}.Release|win32.ActiveCfg = Release|Win32
		{AD5358D5-10AB-C05D-5008-2F1199805BC6}.Release|win32.Build.0 = Release|Win32
		{8F28E772-D187-2ACE-6704-A05C90DBB78B}.Debug|win32.ActiveCfg = Debug|Win32
		{8F28E772-D187-2ACE-6704-A05C90DBB78B}.Debug|win32.Build.0 = Debug|Win32
		{8F28E772-D187-2ACE-6704-A05C90DBB78B}.Release|win32.ActiveCfg = Release|Win32
		{8F28E772-D187-2ACE-6704-A05C90DBB78B}.Release|win32.Build.0 = Release|Win32
		{06F287D4-D255-5285-B15D-0E30A7738037}.Debug|win32.ActiveCfg = Debug|Win32
		{06F287D4-D255-5285-B15D-0E30A7738037}.Debug|win32.Build.0 = Debug|Win32
		{06F287D4-D255-5285-B15D-0E30A7738037}.Release|win32.ActiveCfg = Release|Win32
		{06F287D4-D255-5285-B15D-0E30A7738037}.Release|win32.Build.0 = Release|Win32
		{CC3CD052-9079-87E5-E052-CFD6D164E18C}.Debug|win32.ActiveCfg = Debug|Win32
		{CC3CD052-9079-87E5-E052-CFD6D164E18C}.Debug|win32.Build.0 = Debug|Win32
		{CC3CD052-9079-87E5-E052-CFD6D164E18C}.Release|win32.ActiveCfg = Release|Win32
		{CC3CD052-9079-87E5-E052-CFD6D164E18C}.Release|win32.Build.0 = Release|Win32
		{691D84CA-A3AB-8291-BFC5-40A19AFCBA99}.Debug|win32.ActiveCfg = Debug|Win32
		{691D84CA-A3AB-8291-BFC5-40A19AFCBA99}.Debug|win32.Build.0 = Debug|Win32
		{691D84CA-A3AB-8291-BFC5-40A19AFCBA99}.Release|win32.ActiveCfg = Release|Win32
		{691D84CA-A3AB-8291-BFC5-40A19AFCBA99}.Release|win32.Build.0 = Release|Win32
		{53920C3D-8E89-A4CC-DA19-DCBA9C7B7FCE}.Debug|win32.ActiveCfg = Debug|Win32
		{53920C3D-8E89-A4CC-DA19-DCBA9C7B7FCE}.Debug|win32.Build.0 = Debug|Win32
		{53920C3D-8E89-A4CC-DA19-DCBA9C7B7FCE}.Release|win32.ActiveCfg = Release|Win32
		{53920C3D-8E89-A4CC-DA19-DCBA9C7B7FCE}.Release|win32.Build.0 = Release|Win32
		{AD1943A9-FD6D-3D7E-E1E6-AF41A5B0D3E7}.Debug|win32.ActiveCfg = Debug|Win32
		{AD1943A9-FD6D-3D7E-E1E6-AF41A5B0D3E7}.Debug|win32.Build.0 = Debug|Win32
		{AD1943A9-FD6D-3D7E-E1E6-AF41A5B0D3E7}.Release|win32.ActiveCfg = Release|Win32
		{AD1943A9-FD6D-3D7E-E1E6-AF41A5B0D3E7}.Release|win32.Build.0 = Release|Win32
		{8E97246C-428D-7704-150A-A50CCECBA911}.Debug|win32.ActiveCfg = Debug|Win32
		{8E97246C-428D-7704-150A-A50CCECBA911}.Debug|win32.Build.0 = Debug|Win32
		{8E97246C-428D-7704-150A-A50CCECBA911}.Release|win32.ActiveCfg = Release|Win32
		{8E97246C-428D-7704-150A-A50CCECBA911}.Release|win32.Build.0 = Release|Win32
		{A2ACA839-712B-1CD6-60AA-5D1BC7C8BAE6}.Debug|win32.ActiveCfg = Debug|Win32
		{A2ACA839-712B-1CD6-60AA-5D1BC7C8BAE6}.Debug|win32.Build.0 = Debug|Win32
		{A2ACA839-712B-1CD6-60AA-5D1BC7C8BAE6}.Release|win32.ActiveCfg = Release|Win32
		{A2ACA839-712B-1CD6-60AA-5D1BC7C8BAE6}.Release|win32.Build.0 = Release|Win32
		{E6D83659-2A90-6EE6-7F41-EE4F7FF3C98D}.Debug|win32.ActiveCfg = Debug|Win32
		{E6D83659-2A90-6EE6-7F41-EE4F7FF3C98D}.Debug|win32.Build.0 = Debug|Win32
		{E6D83659-2A90-6EE6-7F41-EE4F7FF3C98D}.Release|win32.ActiveCfg = Release|Win32
		{E6D83659-2A90-6EE6-7F41-EE4F7FF3C98D}.Release|win32.Build.0 = Release|Win32
		{2CC2FEB1-5A24-7BFB-E31F-76D3A5FD6096}.Debug|win32.ActiveCfg = Debug|Win32
		{2CC2FEB1-5A24-7BFB-E31F-76D3A5FD6096}.Debug|win32.Build.0 = Debug|Win32
		{2CC2FEB1-5A24-7BFB-E31F-76D3A5FD6096}.Release|win32.ActiveCfg = Release|Win32
		{2CC2FEB1-5A24-7BFB-E31F-76D3A5FD6096}.Release|win32.Build.0 = Release|Win32
		{1E0159B2-1E87-3FEB-8C50-4E54432DBBE8}.Debug|win32.ActiveCfg = Debug|Win32
		{1E0159B2-1E87-3FEB-8C50-4E54432DBBE8}.Debug|win32.Build.0 = Debug|Win32
		{1E0159B2-1E87-3FEB-8C50-4E54432DBBE8}.Release|win32.ActiveCfg = Release|Win32
		{1E0159B2-1E87-3FEB-8C50-4E54432DBBE8}.Release|win32.Build.0 = Release|Win32
		{BBCB295C-9EAB-CACB-FC4E-A88D920320DE}.Debug|win32.ActiveCfg = Debug|Win32
		{BBCB295C-9EAB-CACB-FC4E-A88D920320DE}.Debug|win32.Build.0 = Debug|Win32
		{BBCB295C-9EAB-CACB-FC4E-A88D920320DE}.Release|win32.ActiveCfg = Release|Win32
		{BBCB295C-9EAB-CACB-FC4E-A88D920320DE}.Release|win32.Build.0 = Release|Win32
		{8917EAD6-89F8-D8EE-8243-629A206C95D8}.Debug|win32.ActiveCfg = Debug|Win32
		{8917EAD6-89F8-D8EE-8243-629A206C95D8}.Debug|win32.Build.0 = Debug|Win32
		{8917EAD6-89F8-D8EE-8243-629A206C95D8}.Release|win32.ActiveCfg = Release|Win32
		{8917EAD6-89F8-D8EE-8243-629A206C95D8}.Release|win32.Build.0 = Release|Win32
		{F2B2B245-6DB3-7E4E-1250-C4C89E29FA05}.Debug|win32.ActiveCfg = Debug|Win32
		{F2B2B245-6DB3-7E4E-1250-C4C89E29FA05}.Debug|win32.Build.0 = Debug|Win32
		{F2B2B245-6DB3-7E4E-1250-C4C89E29FA05}.Release|win32.ActiveCfg = Release|Win32
		{F2B2B245-6DB3-7E4E-1250-C4C89E29FA05}.Release|win32.Build.0 = Release|Win32
		{6B39481F-18F2-EEA3-0F6D-8E565FEC485E}.Debug|win32.ActiveCfg = Debug|Win32
		{6B39481F-18F2-EEA3-0F6D-8E565FEC485E}.Debug|win32.Build.0 = Debug|Win32
		{6B39481F-18F2-EEA3-0F6D-8E565FEC485E}.Release|win32.ActiveCfg = Release|Win32
		{6B39481F-18F2-EEA3-0F6D-8E565FEC485E}.Release|win32.Build.0 = Release|Win32
		{AD63A35E-A2AC-8A42-233E-5AC6CB325D34}.Debug|win32.ActiveCfg = Debug|Win32
		{AD63A35E-A2AC-8A42-233E-5AC6CB325D34}.Debug|win32.Build.0 = Debug|Win32
		{AD63A35E-A2AC-8A42-233E-5AC6CB325D34}.Release|win32.ActiveCfg = Release|Win32
		{AD63A35E-A2AC-8A42-233E-5AC6CB325D34}.Release|win32.Build.0 = Release|Win32
		{F3E08B51-1935-8A8F-58F1-7A678759F60C}.Debug|win32.ActiveCfg = Debug|Win32
		{F3E08B51-1935-8A8F-58F1-7A678759F60C}.Debug|win32.Build.0 = Debug|Win32
		{F3E08B51-1935-8A8F-58F1-7A678759F60C}.Release|win32.ActiveCfg = Release|Win32
		{F3E08B51-1935-8A8F-58F1-7A678759F60C}.Release|win32.Build.0 = Release|Win32
		{94C3CD6C-42CA-D1DB-FAEA-DFE238E21C49}.Debug|win32.ActiveCfg = Debug|Win32
		{94C3CD6C-42CA-D1DB-FAEA-DFE238E21C49}.Debug|win32.Build.0 = Debug|Win32
		{94C3CD6C-42CA-D1DB-FAEA-DFE238E21C49}.Release|win32.ActiveCfg = Release|Win32
		{94C3CD6C-42CA-D1DB-FAEA-DFE238E21C49}.Release|win32.Build.0 = Release|Win32
		{E9E13BDA-68A1-ECC8-7511-4DE3161464E5}.Debug|win32.ActiveCfg = Debug|Win32
		{E9E13BDA-68A1-ECC8-7511-4DE3161464E5}.Debug|win32.Build.0 = Debug|Win32
		{E9E13BDA-68A1-ECC8-7511-4DE3161464E5}.Release|win32.ActiveCfg = Release|Win32
		{E9E13BDA-68A1-ECC8-7511-4DE3161464E5}.Release|win32.Build.0 = Release|Win32
		{0CC966B5-0646-1C94-1FA0-4E42F51409F1}.Debug|win32.ActiveCfg = Debug|Win32
		{0CC966B5-0646-1C94-1FA0-4E42F51409F1}.Debug|win32.Build.0 = Debug|Win32
		{0CC966B5-0646-1C94-1FA0-4E42F51409F1}.Release|win32.ActiveCfg = Release|Win32
		{0CC966B5-0646-1C94-1FA0-4E42F51409F1}.Release|win32.Build.0 = Release|Win32
		{BA23C8CC-A6CA-56B5-5A7A-FFE1C81D114B}.Debug|win32.ActiveCfg = Debug|Win32
		{BA23C8CC-A6CA-56B5-5A7A-FFE1C81D114B}.Debug|win32.Build.0 = Debug|Win32
		{BA23C8CC-A6CA-56B5-5A7A-FFE1C81D114B}.Release|win32.ActiveCfg = Release|Win32
		{BA23C8CC-A6CA-56B5-5A7A-FFE1C81D114B}.Release|win32.Build.0 = Release|Win32
		{36926F91-B706-8A4D-8FB8-02AE840E66F0}.Debug|win32.ActiveCfg = Debug|Win32
		{36926F91-B706-8A4D-8FB8-02AE840E66F0}.Debug|win32.Build.0 = Debug|Win32
		{36926F91-B706-8A4D-8FB8-02AE840E66F0}.Release|win32.ActiveCfg = Release|Win32
		{36926F91-B706-8A4D-8FB8-02AE840E66F0}.Release|win32.Build.0 = Release|Win32
		{D76228B6-B4E9-4C5C-6749-38E6A57EA529}.Debug|win32.ActiveCfg = Debug|Win32
		{D76228B6-B4E9-4C5C-6749-38E6A57EA529}.Debug|win32.Build.0 = Debug|Win32
		{D76228B6-B4E9-4C5C-6749-38E6A57EA529}.Release|win32.ActiveCfg = Release|Win32
		{D76228B6-B4E9-4C5C-6749-38E6A57EA529}.Release|win32.Build.0 = Release|Win32
		{C227CD9A-986A-E8FB-80A2-C01AD7F3C082}.Debug|win32.ActiveCfg = Debug|Win32
		{C227CD9A-986A-E8FB-80A2-C01AD7F3C082}.Debug|win32.Build.0 = Debug|Win32
		{C227CD9A-986A-E8FB-80A2-C01AD7F3C082}.Release|win32.ActiveCfg = Release|Win32
		{C227CD9A-986A-E8FB-80A2-C01AD7F3C082}.Release|win32.Build.0 = Release|Win32
		{1118F2F8-CF86-8A2F-2845-F2534212A9E4}.Debug|win32.ActiveCfg = Debug|Win32
		{1118F2F8-CF86-8A2F-2845-F2534212A9E4}.Debug|win32.Build.0 = Debug|Win32
		{1118F2F8-CF86-8A2F-2845-F2534212A9E4}.Release|win32.ActiveCfg = Release|Win32
		{1118F2F8-CF86-8A2F-2845-F2534212A9E4}.Release|win32.Build.0 = Release|Win32
		{1A1149D9-CB1B-BF85-19CA-C9C2996BFDE8}.Debug|win32.ActiveCfg = Debug|Win32
		{1A1149D9-CB1B-BF85-19CA-C9C2996BFDE8}.Debug|win32.Build.0 = Debug|Win32
		{1A1149D9-CB1B-BF85-19CA-C9C2996BFDE8}.Release|win32.ActiveCfg = Release|Win32
		{1A1149D9-CB1B-BF85-19CA-C9C2996BFDE8}.Release|win32.Build.0 = Release|Win32
		{EA8621AF-378F-FDB4-1B6D-ECECA37446EF}.Debug|win32.ActiveCfg = Debug|Win32
		{EA8621AF-378F-FDB4-1B6D-ECECA37446EF}.Debug|win32.Build.0 = Debug|Win32
		{EA8621AF-378F-FDB4-1B6D-ECECA37446EF}.Release|win32.ActiveCfg = Release|Win32
		{EA8621AF-378F-FDB4-1B6D-ECECA37446EF}.Release|win32.Build.0 = Release|Win32
		{C8D2DC83-E117-7576-7B43-10C844264C51}.Debug|win32.ActiveCfg = Debug|Win32
		{C8D2DC83-E117-7576-7B43-10C844264C51}.Debug|win32.Build.0 = Debug|Win32
		{C8D2DC83-E117-7576-7B43-10C844264C51}.Release|win32.ActiveCfg = Release|Win32
		{C8D2DC83-E117-7576-7B43-10C844264C51}.Release|win32.Build.0 = Release|Win32
		{BAB92FF0-D72A-D7E5-1988-74628D39B94F}.Debug|win32.ActiveCfg = Debug|Win32
		{BAB92FF0-D72A-D7E5-1988-74628D39B94F}.Debug|win32.Build.0 = Debug|Win32
		{BAB92FF0-D72A-D7E5-1988-74628D39B94F}.Release|win32.ActiveCfg = Release|Win32
		{BAB92FF0-D72A-D7E5-1988-74628D39B94F}.Release|win32.Build.0 = Release|Win32
		{D4664DDA-6071-8465-D286-02649CB82F56}.Debug|win32.ActiveCfg = Debug|Win32
		{D4664DDA-6071-8465-D286-02649CB82F56}.Debug|win32.Build.0 = Debug|Win32
		{D4664DDA-6071-8465-D286-02649CB82F56}.Release|win32.ActiveCfg = Release|Win32
		{D4664DDA-6071-8465-D286-02649CB82F56}.Release|win32.Build.0 = Release|Win32
		{8A3263F5-87D6-07C8-624D-B6812731A4C1}.Debug|win32.ActiveCfg = Debug|Win32
		{8A3263F5-87D6-07C8-624D-B6812731A4C1}.Debug|win32.Build.0 = Debug|Win32
		{8A3263F5-87D6-07C8-624D-B6812731A4C1}.Release|win32.ActiveCfg = Release|Win32
		{8A3263F5-87D6-07C8-624D-B6812731A4C1}.Release|win32.Build.0 = Release|Win32
		{C3CE5691-7D7A-37DA-4B88-0C6F15549AE5}.Debug|win32.ActiveCfg = Debug|Win32
		{C3CE5691-7D7A-37DA-4B88-0C6F15549AE5}.Debug|win32.Build.0 = Debug|Win32
		{C3CE5691-7D7A-37DA-4B88-0C6F15549AE5}.Release|win32.ActiveCfg = Release|Win32
		{C3CE5691-7D7A-37DA-4B88-0C6F15549AE5}.Release|win32.Build.0 = Release|Win32
		{C3359D88-86E6-3AB5-D120-D51856B220A1}.Debug|win32.ActiveCfg = Debug|Win32
		{C3359D88-86E6-3AB5-D120-D51856B220A1}.Debug|win32.Build.0 = Debug|Win32
		{C3359D88-86E6-3AB5-D120-D51856B220A1}.Release|win32.ActiveCfg = Release|Win32
		{C3359D88-86E6-3AB5-D120-D51856B220A1}.Release|win32.Build.0 = Release|Win32
		{CAD9ADB1-E885-7A8F-80AF-5542266390F0}.Debug|win32.ActiveCfg = Debug|Win32
		{CAD9ADB1-E885-7A8F-80AF-5542266390F0}.Debug|win32.Build.0 = Debug|Win32
		{CAD9ADB1-E885-7A8F-80AF-5542266390F0}.Release|win32.ActiveCfg = Release|Win32
		{CAD9ADB1-E885-7A8F-80AF-5542266390F0}.Release|win32.Build.0 = Release|Win32
		{7E45214F-92B5-01AF-4495-B82455B39E7C}.Debug|win32.ActiveCfg = Debug|Win32
		{7E45214F-92B5-01AF-4495-B82455B39E7C}.Debug|win32.Build.0 = Debug|Win32
		{7E45214F-92B5-01AF-4495-B82455B39E7C}.Release|win32.ActiveCfg = Release|Win32
		{7E45214F-92B5-01AF-4495-B82455B39E7C}.Release|win32.Build.0 = Release|Win32
		{95D67225-8415-236F-9128-DCB171B7DEC6}.Debug|win32.ActiveCfg = Debug|Win32
		{95D67225-8415-236F-9128-DCB171B7DEC6}.Debug|win32.Build.0 = Debug|Win32
		{95D67225-8415-236F-9128-DCB171B7DEC6}.Release|win32.ActiveCfg = Release|Win32
		{95D67225-8415-236F-9128-DCB171B7DEC6}.Release|win32.Build.0 = Release|Win32
		{548EAF73-E359-115A-FC55-9505DE855C93}.Debug|win32.ActiveCfg = Debug|Win32
		{548EAF73-E359-115A-FC55-9505DE855C93}.Debug|win32.Build.0 = Debug|Win32
		{548EAF73-E359-115A-FC55-9505DE855C93}.Release|win32.ActiveCfg = Release|Win32
		{548EAF73-E359-115A-FC55-9505DE855C93}.Release|win32.Build.0 = Release|Win32
		{B015519C-D5C1-853F-7AAC-9E2012AAC3B8}.Debug|win32.ActiveCfg = Debug|Win32
		{B015519C-D5C1-853F-7AAC-9E2012AAC3B8}.Debug|win32.Build.0 = Debug|Win32
		{B015519C-D5C1-853F-7AAC-9E2012AAC3B8}.Release|win32.ActiveCfg = Release|Win32
		{B015519C-D5C1-853F-7AAC-9E2012AAC3B8}.Release|win32.Build.0 = Release|Win32
		{DFF57B25-31B4-4D0F-35B5-2ED1486D3DAA}.Debug|win32.ActiveCfg = Debug|Win32
		{DFF57B25-31B4-4D0F-35B5-2ED1486D3DAA}.Debug|win32.Build.0 = Debug|Win32
		{DFF57B25-31B4-4D0F-35B5-2ED1486D3DAA}.Release|win32.ActiveCfg = Release|Win32
		{DFF57B25-31B4-4D0F-35B5-2ED1486D3DAA}.Release|win32.Build.0 = Release|Win32
		{AC592D78-59DD-05D1-A53D-44F75A59EA68}.Debug|win32.ActiveCfg = Debug|Win32
		{AC592D78-59DD-05D1-A53D-44F75A59EA68}.Debug|win32.Build.0 = Debug|Win32
		{AC592D78-59DD-05D1-A53D-44F75A59EA68}.Release|win32.ActiveCfg = Release|Win32
		{AC592D78-59DD-05D1-A53D-44F75A59EA68}.Release|win32.Build.0 = Release|Win32
		{15B0D4F5-A084-DCD4-630F-6F47A0757049}.Debug|win32.ActiveCfg = Debug|Win32
		{15B0D4F5-A084-DCD4-630F-6F47A0757049}.Debug|win32.Build.0 = Debug|Win32
		{15B0D4F5-A084-DCD4-630F-6F47A0757049}.Release|win32.ActiveCfg = Release|Win32
		{15B0D4F5-A084-DCD4-630F-6F47A0757049}.Release|win32.Build.0 = Release|Win32
		{A5FB1A57-A236-F4EC-67AA-691D5B3F5492}.Debug|win32.ActiveCfg = Debug|Win32
		{A5FB1A57-A236-F4EC-67AA-691D5B3F5492}.Debug|win32.Build.0 = Debug|Win32
		{A5FB1A57-A236-F4EC-67AA-691D5B3F5492}.Release|win32.ActiveCfg = Release|Win32
		{A5FB1A57-A236-F4EC-67AA-691D5B3F5492}.Release|win32.Build.0 = Release|Win32
		{DA9D42F7-D7BF-AB91-70E7-3D8EB7515113}.Debug|win32.ActiveCfg = Debug|Win32
		{DA9D42F7-D7BF-AB91-70E7-3D8EB7515113}.Debug|win32.Build.0 = Debug|Win32
		{DA9D42F7-D7BF-AB91-70E7-3D8EB7515113}.Release|win32.ActiveCfg = Release|Win32
		{DA9D42F7-D7BF-AB91-70E7-3D8EB7515113}.Release|win32.Build.0 = Release|Win32
		{FB4C9B41-D258-AC16-EB69-1ECBD89CADED}.Debug|win32.ActiveCfg = Debug|Win32
		{FB4C9B41-D258-AC16-EB69-1ECBD89CADED}.Debug|win32.Build.0 = Debug|Win32
		{FB4C9B41-D258-AC16-EB69-1ECBD89CADED}.Release|win32.ActiveCfg = Release|Win32
		{FB4C9B41-D258-AC16-EB69-1ECBD89CADED}.Release|win32.Build.0 = Release|Win32
		{904E95A3-47B8-6758-2C2E-BCD7F0559006}.Debug|win32.ActiveCfg = Debug|Win32
		{904E95A3-47B8-6758-2C2E-BCD7F0559006}.Debug|win32.Build.0 = Debug|Win32
		{904E95A3-47B8-6758-2C2E-BCD7F0559006}.Release|win32.ActiveCfg = Release|Win32
		{904E95A3-47B8-6758-2C2E-BCD7F0559006}.Release|win32.Build.0 = Release|Win32
		{77842697-8174-828C-B292-B30886D2FFB2}.Debug|win32.ActiveCfg = Debug|Win32
		{77842697-8174-828C-B292-B30886D2FFB2}.Debug|win32.Build.0 = Debug|Win32
		{77842697-8174-828C-B292-B30886D2FFB2}.Release|win32.ActiveCfg = Release|Win32
		{77842697-8174-828C-B292-B30886D2FFB2}.Release|win32.Build.0 = Release|Win32
		{EC1C516D-E1D9-BC0A-F79D-E91E954ED8EC}.Debug|win32.ActiveCfg = Debug|Win32
		{EC1C516D-E1D9-BC0A-F79D-E91E954ED8EC}.Debug|win32.Build.0 = Debug|Win32
		{EC1C516D-E1D9-BC0A-F79D-E91E954ED8EC}.Release|win32.ActiveCfg = Release|Win32
		{EC1C516D-E1D9-BC0A-F79D-E91E954ED8EC}.Release|win32.Build.0 = Release|Win32
		{4D8EF5A4-6DAD-80EB-8D2C-CF5A5E5DFA62}.Debug|win32.ActiveCfg = Debug|Win32
		{4D8EF5A4-6DAD-80EB-8D2C-CF5A5E5DFA62}.Debug|win32.Build.0 = Debug|Win32
		{4D8EF5A4-6DAD-80EB-8D2C-CF5A5E5DFA62}.Release|win32.ActiveCfg = Release|Win32
		{4D8EF5A4-6DAD-80EB-8D2C-CF5A5E5DFA62}.Release|win32.Build.0 = Release|Win32
		{D855F918-41E5-A41F-C576-EB2DE770214F}.Debug|win32.ActiveCfg = Debug|Win32
		{D855F918-41E5-A41F-C576-EB2DE770214F}.Debug|win32.Build.0 = Debug|Win32
		{D855F918-41E5-A41F-C576-EB2DE770214F}.Release|win32.ActiveCfg = Release|Win32
		{D855F918-41E5-A41F-C576-EB2DE770214F}.Release|win32.Build.0 = Release|Win32
		{6132DF98-4575-B742-0367-3911886D7D2E}.Debug|win32.ActiveCfg = Debug|Win32
		{6132DF98-4575-B742-0367-3911886D7D2E}.Debug|win32.Build.0 = Debug|Win32
		{6132DF98-4575-B742-0367-3911886D7D2E}.Release|win32.ActiveCfg = Release|Win32
		{6132DF98-4575-B742-0367-3911886D7D2E}.Release|win32.Build.0 = Release|Win32
		{6C43C0A8-8FBF-0F44-BA94-4D00524E45C3}.Debug|win32.ActiveCfg = Debug|Win32
		{6C43C0A8-8FBF-0F44-BA94-4D00524E45C3}.Debug|win32.Build.0 = Debug|Win32
		{6C43C0A8-8FBF-0F44-BA94-4D00524E45C3}.Release|win32.ActiveCfg = Release|Win32
		{6C43C0A8-8FBF-0F44-BA94-4D00524E45C3}.Release|win32.Build.0 = Release|Win32
		{6DB1657E-500A-123E-2A05-E31E626F3CF1}.Debug|win32.ActiveCfg = Debug|Win32
		{6DB1657E-500A-123E-2A05-E31E626F3CF1}.Debug|win32.Build.0 = Debug|Win32
		{6DB1657E-500A-123E-2A05-E31E626F3CF1}.Release|win32.ActiveCfg = Release|Win32
		{6DB1657E-500A-123E-2A05-E31E626F3CF1}.Release|win32.Build.0 = Release|Win32
		{00E6169F-29FB-18B8-B005-327E82788CBF}.Debug|win32.ActiveCfg = Debug|Win32
		{00E6169F-29FB-18B8-B005-327E82788CBF}.Debug|win32.Build.0 = Debug|Win32
		{00E6169F-29FB-18B8-B005-327E82788CBF}.Release|win32.ActiveCfg = Release|Win32
		{00E6169F-29FB-18B8-B005-327E82788CBF}.Release|win32.Build.0 = Release|Win32
		{0BA0FAE6-DAF8-B111-176F-332D6901874F}.Debug|win32.ActiveCfg = Debug|Win32
		{0BA0FAE6-DAF8-B111-176F-332D6901874F}.Debug|win32.Build.0 = Debug|Win32
		{0BA0FAE6-DAF8-B111-176F-332D6901874F}.Release|win32.ActiveCfg = Release|Win32
		{0BA0FAE6-DAF8-B111-176F-332D6901874F}.Release|win32.Build.0 = Release|Win32
		{31220729-0679-0CF7-CE7E-87E09947E5D1}.Debug|win32.ActiveCfg = Debug|Win32
		{31220729-0679-0CF7-CE7E-87E09947E5D1}.Debug|win32.Build.0 = Debug|Win32
		{31220729-0679-0CF7-CE7E-87E09947E5D1}.Release|win32.ActiveCfg = Release|Win32
		{31220729-0679-0CF7-CE7E-87E09947E5D1}.Release|win32.Build.0 = Release|Win32
		{BE71EFEC-D219-9342-FF8F-C888D383E47C}.Debug|win32.ActiveCfg = Debug|Win32
		{BE71EFEC-D219-9342-FF8F-C888D383E47C}.Debug|win32.Build.0 = Debug|Win32
		{BE71EFEC-D219-9342-FF8F-C888D383E47C}.Release|win32.ActiveCfg = Release|Win32
		{BE71EFEC-D219-9342-FF8F-C888D383E47C}.Release|win32.Build.0 = Release|Win32
		{A2BF93F0-53CE-FEB8-19F2-0F4FE373966E}.Debug|win32.ActiveCfg = Debug|Win32
		{A2BF93F0-53CE-FEB8-19F2-0F4FE373966E}.Debug|win32.Build.0 = Debug|Win32
		{A2BF93F0-53CE-FEB8-19F2-0F4FE373966E}.Release|win32.ActiveCfg = Release|Win32
		{A2BF93F0-53CE-FEB8-19F2-0F4FE373966E}.Release|win32.Build.0 = Release|Win32
		{8452609C-C590-8BE1-09BD-3F16AF8A2EFB}.Debug|win32.ActiveCfg = Debug|Win32
		{8452609C-C590-8BE1-09BD-3F16AF8A2EFB}.Debug|win32.Build.0 = Debug|Win32
		{8452609C-C590-8BE1-09BD-3F16AF8A2EFB}.Release|win32.ActiveCfg = Release|Win32
		{8452609C-C590-8BE1-09BD-3F16AF8A2EFB}.Release|win32.Build.0 = Release|Win32
		{E4F39B89-9731-571D-B69D-C1B8FE56C056}.Debug|win32.ActiveCfg = Debug|Win32
		{E4F39B89-9731-571D-B69D-C1B8FE56C056}.Debug|win32.Build.0 = Debug|Win32
		{E4F39B89-9731-571D-B69D-C1B8FE56C056}.Release|win32.ActiveCfg = Release|Win32
		{E4F39B89-9731-571D-B69D-C1B8FE56C056}.Release|win32.Build.0 = Release|Win32
		{42A93483-5C79-863A-D5D4-230C26E1E02A}.Debug|win32.ActiveCfg = Debug|Win32
		{42A93483-5C79-863A-D5D4-230C26E1E02A}.Debug|win32.Build.0 = Debug|Win32
		{42A93483-5C79-863A-D5D4-230C26E1E02A}.Release|win32.ActiveCfg = Release|Win32
		{42A93483-5C79-863A-D5D4-230C26E1E02A}.Release|win32.Build.0 = Release|Win32
		{CCC89B18-CACA-D6A3-B9FC-BB41C2A6C49E}.Debug|win32.ActiveCfg = Debug|Win32
		{CCC89B18-CACA-D6A3-B9FC-BB41C2A6C49E}.Debug|win32.Build.0 = Debug|Win32
		{CCC89B18-CACA-D6A3-B9FC-BB41C2A6C49E}.Release|win32.ActiveCfg = Release|Win32
		{CCC89B18-CACA-D6A3-B9FC-BB41C2A6C49E}.Release|win32.Build.0 = Release|Win32
		{354F579A-78FC-A73E-276E-F805BAB05C34}.Debug|win32.ActiveCfg = Debug|Win32
		{354F579A-78FC-A73E-276E-F805BAB05C34}.Debug|win32.Build.0 = Debug|Win32
		{354F579A-78FC-A73E-276E-F805BAB05C34}.Release|win32.ActiveCfg = Release|Win32
		{354F579A-78FC-A73E-276E-F805BAB05C34}.Release|win32.Build.0 = Release|Win32
		{AC70A841-561F-4DAE-7864-E50541AD99ED}.Debug|win32.ActiveCfg = Debug|Win32
		{AC70A841-561F-4DAE-7864-E50541AD99ED}.Debug|win32.Build.0 = Debug|Win32
		{AC70A841-561F-4DAE-7864-E50541AD99ED}.Release|win32.ActiveCfg = Release|Win32
		{AC70A841-561F-4DAE-7864-E50541AD99ED}.Release|win32.Build.0 = Release|Win32
		{E3E2CF1C-9EE4-3173-C39F-D0D4F5483CB6}.Debug|win32.ActiveCfg = Debug|Win32
		{E3E2CF1C-9EE4-3173-C39F-D0D4F5483CB6}.Debug|win32.Build.0 = Debug|Win32
		{E3E2CF1C-9EE4-3173-C39F-D0D4F5483CB6}.Release|win32.ActiveCfg = Release|Win32
		{E3E2CF1C-9EE4-3173-C39F-D0D4F5483CB6}.Release|win32.Build.0 = Release|Win32
		{90A78BD4-2532-39D9-6D34-7A3C2648508C}.Debug|win32.ActiveCfg = Debug|Win32
		{90A78BD4-2532-39D9-6D34-7A3C2648508C}.Debug|win32.Build.0 = Debug|Win32
		{90A78BD4-2532-39D9-6D34-7A3C2648508C}.Release|win32.ActiveCfg = Release|Win32
		{90A78BD4-2532-39D9-6D34-7A3C2648508C}.Release|win32.Build.0 = Release|Win32
		{0B6929D0-4447-E035-E47A-EBFCE557D5B3}.Debug|win32.ActiveCfg = Debug|Win32
		{0B6929D0-4447-E035-E47A-EBFCE557D5B3}.Debug|win32.Build.0 = Debug|Win32
		{0B6929D0-4447-E035-E47A-EBFCE557D5B3}.Release|win32.ActiveCfg = Release|Win32
		{0B6929D0-4447-E035-E47A-EBFCE557D5B3}.Release|win32.Build.0 = Release|Win32
		{B0D3AEDE-1287-F03C-449E-EC7E7E549E46}.Debug|win32.ActiveCfg = Debug|Win32
		{B0D3AEDE-1287-F03C-449E-EC7E7E549E46}.Debug|win32.Build.0 = Debug|Win32
		{B0D3AEDE-1287-F03C-449E-EC7E7E549E46}.Release|win32.ActiveCfg = Release|Win32
		{B0D3AEDE-1287-F03C-449E-EC7E7E549E46}.Release|win32.Build.0 = Release|Win32
		{8EF3A82E-CCB0-991C-3EF5-6370F2CFBF53}.Debug|win32.ActiveCfg = Debug|Win32
		{8EF3A82E-CCB0-991C-3EF5-6370F2CFBF53}.Debug|win32.Build.0 = Debug|Win32
		{8EF3A82E-CCB0-991C-3EF5-6370F2CFBF53}.Release|win32.ActiveCfg = Release|Win32
		{8EF3A82E-CCB0-991C-3EF5-6370F2CFBF53}.Release|win32.Build.0 = Release|Win32
		{E18D14DE-31A5-61D8-5406-C3D72A974173}.Debug|win32.ActiveCfg = Debug|Win32
		{E18D14DE-31A5-61D8-5406-C3D72A974173}.Debug|win32.Build.0 = Debug|Win32
		{E18D14DE-31A5-61D8-5406-C3D72A974173}.Release|win32.ActiveCfg = Release|Win32
		{E18D14DE-31A5-61D8-5406-C3D72A974173}.Release|win32.Build.0 = Release|Win32
		{3E6A2972-E72E-1163-1718-8F8FE8026092}.Debug|win32.ActiveCfg = Debug|Win32
		{3E6A2972-E72E-1163-1718-8F8FE8026092}.Debug|win32.Build.0 = Debug|Win32
		{3E6A2972-E72E-1163-1718-8F8FE8026092}.Release|win32.ActiveCfg = Release|Win32
		{3E6A2972-E72E-1163-1718-8F8FE8026092}.Release|win32.Build.0 = Release|Win32
		{F69B3672-C5E8-CD1A-257F-253A25B5B939}.Debug|win32.ActiveCfg = Debug|Win32
		{F69B3672-C5E8-CD1A-257F-253A25B5B939}.Debug|win32.Build.0 = Debug|Win32
		{F69B3672-C5E8-CD1A-257F-253A25B5B939}.Release|win32.ActiveCfg = Release|Win32
		{F69B3672-C5E8-CD1A-257F-253A25B5B939}.Release|win32.Build.0 = Release|Win32
		{3A61C250-3B1C-A4FE-19D0-C8D1B22C6982}.Debug|win32.ActiveCfg = Debug|Win32
		{3A61C250-3B1C-A4FE-19D0-C8D1B22C6982}.Debug|win32.Build.0 = Debug|Win32
		{3A61C250-3B1C-A4FE-19D0-C8D1B22C6982}.Release|win32.ActiveCfg = Release|Win32
		{3A61C250-3B1C-A4FE-19D0-C8D1B22C6982}.Release|win32.Build.0 = Release|Win32
		{D9E7B5EA-7A54-2BF9-9D0F-7625944456CB}.Debug|win32.ActiveCfg = Debug|Win32
		{D9E7B5EA-7A54-2BF9-9D0F-7625944456CB}.Debug|win32.Build.0 = Debug|Win32
		{D9E7B5EA-7A54-2BF9-9D0F-7625944456CB}.Release|win32.ActiveCfg = Release|Win32
		{D9E7B5EA-7A54-2BF9-9D0F-7625944456CB}.Release|win32.Build.0 = Release|Win32
		{1314D89B-B7E1-9CDC-034A-96A7A8B5F1DD}.Debug|win32.ActiveCfg = Debug|Win32
		{1314D89B-B7E1-9CDC-034A-96A7A8B5F1DD}.Debug|win32.Build.0 = Debug|Win32
		{1314D89B-B7E1-9CDC-034A-96A7A8B5F1DD}.Release|win32.ActiveCfg = Release|Win32
		{1314D89B-B7E1-9CDC-034A-96A7A8B5F1DD}.Release|win32.Build.0 = Release|Win32
		{FAAF8802-67C8-B713-EC52-BAA89FE3C97D}.Debug|win32.ActiveCfg = Debug|Win32
		{FAAF8802-67C8-B713-EC52-BAA89FE3C97D}.Debug|win32.Build.0 = Debug|Win32
		{FAAF8802-67C8-B713-EC52-BAA89FE3C97D}.Release|win32.ActiveCfg = Release|Win32
		{FAAF8802-67C8-B713-EC52-BAA89FE3C97D}.Release|win32.Build.0 = Release|Win32
		{A9537FE2-D52F-2B69-31E2-492F21E14D61}.Debug|win32.ActiveCfg = Debug|Win32
		{A9537FE2-D52F-2B69-31E2-492F21E14D61}.Debug|win32.Build.0 = Debug|Win32
		{A9537FE2-D52F-2B69-31E2-492F21E14D61}.Release|win32.ActiveCfg = Release|Win32
		{A9537FE2-D52F-2B69-31E2-492F21E14D61}.Release|win32.Build.0 = Release|Win32
		{03CE1BA3-14F3-67FD-D098-87FC8F60578B}.Debug|win32.ActiveCfg = Debug|Win32
		{03CE1BA3-14F3-67FD-D098-87FC8F60578B}.Debug|win32.Build.0 = Debug|Win32
		{03CE1BA3-14F3-67FD-D098-87FC8F60578B}.Release|win32.ActiveCfg = Release|Win32
		{03CE1BA3-14F3-67FD-D098-87FC8F60578B}.Release|win32.Build.0 = Release|Win32
		{4E226FD0-5B8A-0DC8-F6A0-A9A56D772D0E}.Debug|win32.ActiveCfg = Debug|Win32
		{4E226FD0-5B8A-0DC8-F6A0-A9A56D772D0E}.Debug|win32.Build.0 = Debug|Win32
		{4E226FD0-5B8A-0DC8-F6A0-A9A56D772D0E}.Release|win32.ActiveCfg = Release|Win32
		{4E226FD0-5B8A-0DC8-F6A0-A9A56D772D0E}.Release|win32.Build.0 = Release|Win32
		{26E71697-1389-2405-2F96-0B721EB98F0B}.Debug|win32.ActiveCfg = Debug|Win32
		{26E71697-1389-2405-2F96-0B721EB98F0B}.Debug|win32.Build.0 = Debug|Win32
		{26E71697-1389-2405-2F96-0B721EB98F0B}.Release|win32.ActiveCfg = Release|Win32
		{26E71697-1389-2405-2F96-0B721EB98F0B}.Release|win32.Build.0 = Release|Win32
		{9965B5DD-F9B0-A6C0-BAF1-F32A601FE9FF}.Debug|win32.ActiveCfg = Debug|Win32
		{9965B5DD-F9B0-A6C0-BAF1-F32A601FE9FF}.Debug|win32.Build.0 = Debug|Win32
		{9965B5DD-F9B0-A6C0-BAF1-F32A601FE9FF}.Release|win32.ActiveCfg = Release|Win32
		{9965B5DD-F9B0-A6C0-BAF1-F32A601FE9FF}.Release|win32.Build.0 = Release|Win32
		{AA93A75A-4110-C28B-CC6A-914379C90659}.Debug|win32.ActiveCfg = Debug|Win32
		{AA93A75A-4110-C28B-CC6A-914379C90659}.Debug|win32.Build.0 = Debug|Win32
		{AA93A75A-4110-C28B-CC6A-914379C90659}.Release|win32.ActiveCfg = Release|Win32
		{AA93A75A-4110-C28B-CC6A-914379C90659}.Release|win32.Build.0 = Release|Win32
		{9066E4D7-44F1-57B5-4309-662633F6247E}.Debug|win32.ActiveCfg = Debug|Win32
		{9066E4D7-44F1-57B5-4309-662633F6247E}.Debug|win32.Build.0 = Debug|Win32
		{9066E4D7-44F1-57B5-4309-662633F6247E}.Release|win32.ActiveCfg = Release|Win32
		{9066E4D7-44F1-57B5-4309-662633F6247E}.Release|win32.Build.0 = Release|Win32
		{0E6C962D-03A2-9647-A613-9630B1BFAE6A}.Debug|win32.ActiveCfg = Debug|Win32
		{0E6C962D-03A2-9647-A613-9630B1BFAE6A}.Debug|win32.Build.0 = Debug|Win32
		{0E6C962D-03A2-9647-A613-9630B1BFAE6A}.Release|win32.ActiveCfg = Release|Win32
		{0E6C962D-03A2-9647-A613-9630B1BFAE6A}.Release|win32.Build.0 = Release|Win32
	EndGlobalSection
	GlobalSection(SolutionProperties) = preSolution
		HideSolutionNode = FALSE
	EndGlobalSection
EndGlobal
