<?xml version="1.0" encoding="utf-8"?>
<Project ToolsVersion="4.0" xmlns="http://schemas.microsoft.com/developer/msbuild/2003">
  <ItemGroup >
    <Filter Include="Exposed interfaces">
      <UniqueIdentifier>{662F440C-5DE4-1BF0-9146-EEC7E76ECE53}</UniqueIdentifier>
    </Filter>
    <Filter Include="Header Files">
      <UniqueIdentifier>{922C6F41-C460-59B1-3A59-D4FA6DDC9C37}</UniqueIdentifier>
    </Filter>
    <Filter Include="Link Libraries">
      <UniqueIdentifier>{6D11200E-4206-7C82-1DCE-61EA5E3FE718}</UniqueIdentifier>
    </Filter>
    <Filter Include="Resource Files">
      <UniqueIdentifier>{71EA0BCB-6196-B5FA-7050-FB7B703F45A6}</UniqueIdentifier>
    </Filter>
    <Filter Include="Source Files">
      <UniqueIdentifier>{9A3C0498-7C60-1BDF-BDF7-06BDDE4E468F}</UniqueIdentifier>
    </Filter>
    <Filter Include="VPC Scripts">
      <UniqueIdentifier>{308191AE-A754-30DF-D5BD-5928E19D585F}</UniqueIdentifier>
    </Filter>
  </ItemGroup>
  <ItemGroup >
    <Library Include="..\lib\public\dmxloader.lib">
      <Filter>Link Libraries</Filter>
    </Library>
    <Library Include="..\lib\public\interfaces.lib">
      <Filter>Link Libraries</Filter>
    </Library>
    <Library Include="..\lib\public\mathlib.lib">
      <Filter>Link Libraries</Filter>
    </Library>
    <Library Include="..\lib\public\steam_api.lib">
      <Filter>Link Libraries</Filter>
    </Library>
    <Library Include="..\lib\public\tier0.lib">
      <Filter>Link Libraries</Filter>
    </Library>
    <Library Include="..\lib\public\tier1.lib">
      <Filter>Link Libraries</Filter>
    </Library>
    <Library Include="..\lib\public\tier2.lib">
      <Filter>Link Libraries</Filter>
    </Library>
    <Library Include="..\lib\public\tier3.lib">
      <Filter>Link Libraries</Filter>
    </Library>
    <Library Include="..\lib\public\vgui_controls.lib">
      <Filter>Link Libraries</Filter>
    </Library>
    <Library Include="..\lib\public\vstdlib.lib">
      <Filter>Link Libraries</Filter>
    </Library>
  </ItemGroup>
  <ItemGroup >
    <ClInclude Include="..\common\ServerBrowser\IServerBrowser.h">
      <Filter>Exposed interfaces</Filter>
    </ClInclude>
    <ClInclude Include="BaseGamesPage.h">
      <Filter>Header Files</Filter>
    </ClInclude>
    <ClInclude Include="blacklistedservers.h">
      <Filter>Header Files</Filter>
    </ClInclude>
    <ClInclude Include="CustomGames.h">
      <Filter>Header Files</Filter>
    </ClInclude>
    <ClInclude Include="DialogAddServer.h">
      <Filter>Header Files</Filter>
    </ClInclude>
    <ClInclude Include="DialogGameInfo.h">
      <Filter>Header Files</Filter>
    </ClInclude>
    <ClInclude Include="DialogServerPassword.h">
      <Filter>Header Files</Filter>
    </ClInclude>
    <ClInclude Include="FavoriteGames.h">
      <Filter>Header Files</Filter>
    </ClInclude>
    <ClInclude Include="FriendsGames.h">
      <Filter>Header Files</Filter>
    </ClInclude>
    <ClInclude Include="HistoryGames.h">
      <Filter>Header Files</Filter>
    </ClInclude>
    <ClInclude Include="InternetGames.h">
      <Filter>Header Files</Filter>
    </ClInclude>
    <ClInclude Include="LanGames.h">
      <Filter>Header Files</Filter>
    </ClInclude>
    <ClInclude Include="ModList.h">
      <Filter>Header Files</Filter>
    </ClInclude>
    <ClInclude Include="quicklistpanel.h">
      <Filter>Header Files</Filter>
    </ClInclude>
    <ClInclude Include="ServerBrowser.h">
      <Filter>Header Files</Filter>
    </ClInclude>
    <ClInclude Include="ServerBrowserDialog.h">
      <Filter>Header Files</Filter>
    </ClInclude>
    <ClInclude Include="ServerContextMenu.h">
      <Filter>Header Files</Filter>
    </ClInclude>
    <ClInclude Include="ServerListCompare.h">
      <Filter>Header Files</Filter>
    </ClInclude>
    <ClInclude Include="SpectateGames.h">
      <Filter>Header Files</Filter>
    </ClInclude>
    <ClInclude Include="VACBannedConnRefusedDialog.h">
      <Filter>Source Files</Filter>
    </ClInclude>
  </ItemGroup>
  <ItemGroup >
    <ClCompile Include="BaseGamesPage.cpp">
      <Filter>Source Files</Filter>
    </ClCompile>
    <ClCompile Include="blacklistedservers.cpp">
      <Filter>Source Files</Filter>
    </ClCompile>
    <ClCompile Include="CustomGames.cpp">
      <Filter>Source Files</Filter>
    </ClCompile>
    <ClCompile Include="..\common\debug_dll_check.cpp">
      <Filter>Source Files</Filter>
    </ClCompile>
    <ClCompile Include="DialogAddServer.cpp">
      <Filter>Source Files</Filter>
    </ClCompile>
    <ClCompile Include="DialogGameInfo.cpp">
      <Filter>Source Files</Filter>
    </ClCompile>
    <ClCompile Include="DialogServerPassword.cpp">
      <Filter>Source Files</Filter>
    </ClCompile>
    <ClCompile Include="FavoriteGames.cpp">
      <Filter>Source Files</Filter>
    </ClCompile>
    <ClCompile Include="FriendsGames.cpp">
      <Filter>Source Files</Filter>
    </ClCompile>
    <ClCompile Include="HistoryGames.cpp">
      <Filter>Source Files</Filter>
    </ClCompile>
    <ClCompile Include="InternetGames.cpp">
      <Filter>Source Files</Filter>
    </ClCompile>
    <ClCompile Include="LanGames.cpp">
      <Filter>Source Files</Filter>
    </ClCompile>
    <ClCompile Include="..\public\tier0\memoverride.cpp">
      <Filter>Source Files</Filter>
    </ClCompile>
    <ClCompile Include="ModList.cpp">
      <Filter>Source Files</Filter>
    </ClCompile>
    <ClCompile Include="quicklistpanel.cpp">
      <Filter>Source Files</Filter>
    </ClCompile>
    <ClCompile Include="ServerBrowser.cpp">
      <Filter>Source Files</Filter>
    </ClCompile>
    <ClCompile Include="ServerBrowserDialog.cpp">
      <Filter>Source Files</Filter>
    </ClCompile>
    <ClCompile Include="ServerContextMenu.cpp">
      <Filter>Source Files</Filter>
    </ClCompile>
    <ClCompile Include="ServerListCompare.cpp">
      <Filter>Source Files</Filter>
    </ClCompile>
    <ClCompile Include="SpectateGames.cpp">
      <Filter>Source Files</Filter>
    </ClCompile>
    <ClCompile Include="VACBannedConnRefusedDialog.cpp">
      <Filter>Source Files</Filter>
    </ClCompile>
    <ClCompile Include="..\public\vgui_controls\vgui_controls.cpp">
      <Filter>Source Files</Filter>
    </ClCompile>
  </ItemGroup>
  <ItemGroup  />
  <ItemGroup  />
  <ItemGroup >
    <None Include="..\vpc_scripts\loadaddress.vpc">
      <Filter>VPC Scripts</Filter>
    </None>
    <None Include="_vpc_\manifest_serverbrowser\win32\manifest.txt">
      <Filter>VPC Scripts</Filter>
    </None>
    <None Include="..\vpc_scripts\platform_dirs.vpc">
      <Filter>VPC Scripts</Filter>
    </None>
    <None Include="ServerBrowser.vpc">
      <Filter>VPC Scripts</Filter>
    </None>
    <None Include="..\vpc_scripts\source_base.vpc">
      <Filter>VPC Scripts</Filter>
    </None>
    <None Include="..\vpc_scripts\source_dll_base.vpc">
      <Filter>VPC Scripts</Filter>
    </None>
    <None Include="..\vpc_scripts\source_dll_win32_base.vpc">
      <Filter>VPC Scripts</Filter>
    </None>
    <None Include="..\vpc_scripts\source_dll_win32_debug.vpc">
      <Filter>VPC Scripts</Filter>
    </None>
    <None Include="..\vpc_scripts\source_dll_win32_release.vpc">
      <Filter>VPC Scripts</Filter>
    </None>
    <None Include="..\vpc_scripts\source_lowest_base.vpc">
      <Filter>VPC Scripts</Filter>
    </None>
    <None Include="..\vpc_scripts\source_video_base.vpc">
      <Filter>VPC Scripts</Filter>
    </None>
    <None Include="..\vpc_scripts\source_win32_base.vpc">
      <Filter>VPC Scripts</Filter>
    </None>
    <None Include="..\vpc_scripts\version.vpc">
      <Filter>VPC Scripts</Filter>
    </None>
  </ItemGroup>
</Project>
