<?xml version="1.0" encoding="utf-8"?>
<Project ToolsVersion="4.0" xmlns="http://schemas.microsoft.com/developer/msbuild/2003">
  <ItemGroup >
    <Filter Include="Interface">
      <UniqueIdentifier>{8EB58DD5-E328-E978-169C-7B0CBD30D43F}</UniqueIdentifier>
    </Filter>
    <Filter Include="Source Files">
      <UniqueIdentifier>{9A3C0498-7C60-1BDF-BDF7-06BDDE4E468F}</UniqueIdentifier>
    </Filter>
    <Filter Include="VPC Scripts">
      <UniqueIdentifier>{308191AE-A754-30DF-D5BD-5928E19D585F}</UniqueIdentifier>
    </Filter>
  </ItemGroup>
  <ItemGroup  />
  <ItemGroup >
    <ClInclude Include="..\public\mdlobjects\authphysfx.h">
      <Filter>Interface</Filter>
    </ClInclude>
    <ClInclude Include="..\public\mdlobjects\dmeanimationassemblycommand.h">
      <Filter>Interface</Filter>
    </ClInclude>
    <ClInclude Include="..\public\mdlobjects\dmeanimblocksize.h">
      <Filter>Interface</Filter>
    </ClInclude>
    <ClInclude Include="..\public\mdlobjects\dmeanimcmd.h">
      <Filter>Interface</Filter>
    </ClInclude>
    <ClInclude Include="..\public\mdlobjects\dmeassemblycommand.h">
      <Filter>Interface</Filter>
    </ClInclude>
    <ClInclude Include="..\public\mdlobjects\dmeasset.h">
      <Filter>Interface</Filter>
    </ClInclude>
    <ClInclude Include="..\public\mdlobjects\dmebbox.h">
      <Filter>Interface</Filter>
    </ClInclude>
    <ClInclude Include="..\public\mdlobjects\dmeblankbodypart.h">
      <Filter>Interface</Filter>
    </ClInclude>
    <ClInclude Include="..\public\mdlobjects\dmebodygroup.h">
      <Filter>Interface</Filter>
    </ClInclude>
    <ClInclude Include="..\public\mdlobjects\dmebodygrouplist.h">
      <Filter>Interface</Filter>
    </ClInclude>
    <ClInclude Include="..\public\mdlobjects\dmebodypart.h">
      <Filter>Interface</Filter>
    </ClInclude>
    <ClInclude Include="..\public\mdlobjects\dmeboneflexdriver.h">
      <Filter>Interface</Filter>
    </ClInclude>
    <ClInclude Include="..\public\mdlobjects\dmebonemask.h">
      <Filter>Interface</Filter>
    </ClInclude>
    <ClInclude Include="..\public\mdlobjects\dmebonemasklist.h">
      <Filter>Interface</Filter>
    </ClInclude>
    <ClInclude Include="..\public\mdlobjects\dmeboneweight.h">
      <Filter>Interface</Filter>
    </ClInclude>
    <ClInclude Include="..\public\mdlobjects\dmecollisionjoints.h">
      <Filter>Interface</Filter>
    </ClInclude>
    <ClInclude Include="..\public\mdlobjects\dmecollisionmodel.h">
      <Filter>Interface</Filter>
    </ClInclude>
    <ClInclude Include="..\public\mdlobjects\dmedefinebone.h">
      <Filter>Interface</Filter>
    </ClInclude>
    <ClInclude Include="..\public\mdlobjects\dmedefinebonelist.h">
      <Filter>Interface</Filter>
    </ClInclude>
    <ClInclude Include="..\public\mdlobjects\dmeelementgroup.h">
      <Filter>Interface</Filter>
    </ClInclude>
    <ClInclude Include="..\public\mdlobjects\dmeeyeball.h">
      <Filter>Interface</Filter>
    </ClInclude>
    <ClInclude Include="..\public\mdlobjects\dmeeyeballglobals.h">
      <Filter>Interface</Filter>
    </ClInclude>
    <ClInclude Include="..\public\mdlobjects\dmeeyelid.h">
      <Filter>Interface</Filter>
    </ClInclude>
    <ClInclude Include="..\public\mdlobjects\dmehitbox.h">
      <Filter>Interface</Filter>
    </ClInclude>
    <ClInclude Include="..\public\mdlobjects\dmehitboxset.h">
      <Filter>Interface</Filter>
    </ClInclude>
    <ClInclude Include="..\public\mdlobjects\dmehitboxsetlist.h">
      <Filter>Interface</Filter>
    </ClInclude>
    <ClInclude Include="..\public\mdlobjects\dmeik.h">
      <Filter>Interface</Filter>
    </ClInclude>
    <ClInclude Include="..\public\mdlobjects\dmeincludemodellist.h">
      <Filter>Interface</Filter>
    </ClInclude>
    <ClInclude Include="..\public\mdlobjects\dmejigglebone.h">
      <Filter>Interface</Filter>
    </ClInclude>
    <ClInclude Include="..\public\mdlobjects\dmelod.h">
      <Filter>Interface</Filter>
    </ClInclude>
    <ClInclude Include="..\public\mdlobjects\dmelodlist.h">
      <Filter>Interface</Filter>
    </ClInclude>
    <ClInclude Include="..\public\mdlobjects\dmematerialgroup.h">
      <Filter>Interface</Filter>
    </ClInclude>
    <ClInclude Include="..\public\mdlobjects\dmematerialgrouplist.h">
      <Filter>Interface</Filter>
    </ClInclude>
    <ClInclude Include="..\public\mdlobjects\dmematsysroot.h">
      <Filter>Interface</Filter>
    </ClInclude>
    <ClInclude Include="..\public\mdlobjects\dmemdllist.h">
      <Filter>Interface</Filter>
    </ClInclude>
    <ClInclude Include="..\public\mdlobjects\dmemotioncontrol.h">
      <Filter>Interface</Filter>
    </ClInclude>
    <ClInclude Include="..\public\mdlobjects\dmemouth.h">
      <Filter>Interface</Filter>
    </ClInclude>
    <ClInclude Include="..\public\mdlobjects\dmeposeparameter.h">
      <Filter>Interface</Filter>
    </ClInclude>
    <ClInclude Include="..\public\mdlobjects\dmeposeparameterlist.h">
      <Filter>Interface</Filter>
    </ClInclude>
    <ClInclude Include="..\public\mdlobjects\dmeproceduralbone.h">
      <Filter>Interface</Filter>
    </ClInclude>
    <ClInclude Include="..\public\mdlobjects\dmesequence.h">
      <Filter>Interface</Filter>
    </ClInclude>
    <ClInclude Include="..\public\mdlobjects\dmesequencelist.h">
      <Filter>Interface</Filter>
    </ClInclude>
    <ClInclude Include="..\public\mdlobjects\dmeskinner.h">
      <Filter>Interface</Filter>
    </ClInclude>
    <ClInclude Include="..\public\mdlobjects\mdlobjects.h">
      <Filter>Interface</Filter>
    </ClInclude>
    <ClInclude Include="..\public\mdlobjects\mpp_utils.h">
      <Filter>Interface</Filter>
    </ClInclude>
    <ClInclude Include="..\public\mdlobjects\physmodelsource.h">
      <Filter>Interface</Filter>
    </ClInclude>
  </ItemGroup>
  <ItemGroup >
    <ClCompile Include="authphysfx.cpp">
      <Filter>Source Files</Filter>
    </ClCompile>
    <ClCompile Include="..\common\debug_lib_check.cpp">
      <Filter>Source Files</Filter>
    </ClCompile>
    <ClCompile Include="dmeanimationassemblycommand.cpp">
      <Filter>Source Files</Filter>
    </ClCompile>
    <ClCompile Include="dmeanimblocksize.cpp">
      <Filter>Source Files</Filter>
    </ClCompile>
    <ClCompile Include="dmeanimcmd.cpp">
      <Filter>Source Files</Filter>
    </ClCompile>
    <ClCompile Include="dmeassemblycommand.cpp">
      <Filter>Source Files</Filter>
    </ClCompile>
    <ClCompile Include="dmeasset.cpp">
      <Filter>Source Files</Filter>
    </ClCompile>
    <ClCompile Include="dmebbox.cpp">
      <Filter>Source Files</Filter>
    </ClCompile>
    <ClCompile Include="dmeblankbodypart.cpp">
      <Filter>Source Files</Filter>
    </ClCompile>
    <ClCompile Include="dmebodygroup.cpp">
      <Filter>Source Files</Filter>
    </ClCompile>
    <ClCompile Include="dmebodygrouplist.cpp">
      <Filter>Source Files</Filter>
    </ClCompile>
    <ClCompile Include="dmebodypart.cpp">
      <Filter>Source Files</Filter>
    </ClCompile>
    <ClCompile Include="dmeboneflexdriver.cpp">
      <Filter>Source Files</Filter>
    </ClCompile>
    <ClCompile Include="dmebonemask.cpp">
      <Filter>Source Files</Filter>
    </ClCompile>
    <ClCompile Include="dmebonemasklist.cpp">
      <Filter>Source Files</Filter>
    </ClCompile>
    <ClCompile Include="dmeboneweight.cpp">
      <Filter>Source Files</Filter>
    </ClCompile>
    <ClCompile Include="dmecollisionjoints.cpp">
      <Filter>Source Files</Filter>
    </ClCompile>
    <ClCompile Include="dmecollisionmodel.cpp">
      <Filter>Source Files</Filter>
    </ClCompile>
    <ClCompile Include="dmedefinebone.cpp">
      <Filter>Source Files</Filter>
    </ClCompile>
    <ClCompile Include="dmedefinebonelist.cpp">
      <Filter>Source Files</Filter>
    </ClCompile>
    <ClCompile Include="dmeelementgroup.cpp">
      <Filter>Source Files</Filter>
    </ClCompile>
    <ClCompile Include="dmeeyeball.cpp">
      <Filter>Source Files</Filter>
    </ClCompile>
    <ClCompile Include="dmeeyeballglobals.cpp">
      <Filter>Source Files</Filter>
    </ClCompile>
    <ClCompile Include="dmeeyelid.cpp">
      <Filter>Source Files</Filter>
    </ClCompile>
    <ClCompile Include="dmehitbox.cpp">
      <Filter>Source Files</Filter>
    </ClCompile>
    <ClCompile Include="dmehitboxset.cpp">
      <Filter>Source Files</Filter>
    </ClCompile>
    <ClCompile Include="dmehitboxsetlist.cpp">
      <Filter>Source Files</Filter>
    </ClCompile>
    <ClCompile Include="dmeik.cpp">
      <Filter>Source Files</Filter>
    </ClCompile>
    <ClCompile Include="dmeincludemodellist.cpp">
      <Filter>Source Files</Filter>
    </ClCompile>
    <ClCompile Include="dmejigglebone.cpp">
      <Filter>Source Files</Filter>
    </ClCompile>
    <ClCompile Include="dmelod.cpp">
      <Filter>Source Files</Filter>
    </ClCompile>
    <ClCompile Include="dmelodlist.cpp">
      <Filter>Source Files</Filter>
    </ClCompile>
    <ClCompile Include="dmematerialgroup.cpp">
      <Filter>Source Files</Filter>
    </ClCompile>
    <ClCompile Include="dmematerialgrouplist.cpp">
      <Filter>Source Files</Filter>
    </ClCompile>
    <ClCompile Include="dmematsysroot.cpp">
      <Filter>Source Files</Filter>
    </ClCompile>
    <ClCompile Include="dmemdllist.cpp">
      <Filter>Source Files</Filter>
    </ClCompile>
    <ClCompile Include="dmemotioncontrol.cpp">
      <Filter>Source Files</Filter>
    </ClCompile>
    <ClCompile Include="dmemouth.cpp">
      <Filter>Source Files</Filter>
    </ClCompile>
    <ClCompile Include="dmeposeparameter.cpp">
      <Filter>Source Files</Filter>
    </ClCompile>
    <ClCompile Include="dmeposeparameterlist.cpp">
      <Filter>Source Files</Filter>
    </ClCompile>
    <ClCompile Include="dmeproceduralbone.cpp">
      <Filter>Source Files</Filter>
    </ClCompile>
    <ClCompile Include="dmesequence.cpp">
      <Filter>Source Files</Filter>
    </ClCompile>
    <ClCompile Include="dmesequencelist.cpp">
      <Filter>Source Files</Filter>
    </ClCompile>
    <ClCompile Include="dmeskinner.cpp">
      <Filter>Source Files</Filter>
    </ClCompile>
    <ClCompile Include="mpp_utils.cpp">
      <Filter>Source Files</Filter>
    </ClCompile>
    <ClCompile Include="physmodelsource.cpp">
      <Filter>Source Files</Filter>
    </ClCompile>
  </ItemGroup>
  <ItemGroup  />
  <ItemGroup  />
  <ItemGroup >
    <None Include="_vpc_\manifest_mdlobjects\win32\manifest.txt">
      <Filter>VPC Scripts</Filter>
    </None>
    <None Include="mdlobjects.vpc">
      <Filter>VPC Scripts</Filter>
    </None>
    <None Include="..\vpc_scripts\platform_dirs.vpc">
      <Filter>VPC Scripts</Filter>
    </None>
    <None Include="..\vpc_scripts\source_base.vpc">
      <Filter>VPC Scripts</Filter>
    </None>
    <None Include="..\vpc_scripts\source_lib_base.vpc">
      <Filter>VPC Scripts</Filter>
    </None>
    <None Include="..\vpc_scripts\source_lib_win32_base.vpc">
      <Filter>VPC Scripts</Filter>
    </None>
    <None Include="..\vpc_scripts\source_lib_win32_debug.vpc">
      <Filter>VPC Scripts</Filter>
    </None>
    <None Include="..\vpc_scripts\source_lib_win32_release.vpc">
      <Filter>VPC Scripts</Filter>
    </None>
    <None Include="..\vpc_scripts\source_lowest_base.vpc">
      <Filter>VPC Scripts</Filter>
    </None>
    <None Include="..\vpc_scripts\source_video_base.vpc">
      <Filter>VPC Scripts</Filter>
    </None>
    <None Include="..\vpc_scripts\source_win32_base.vpc">
      <Filter>VPC Scripts</Filter>
    </None>
    <None Include="..\vpc_scripts\version.vpc">
      <Filter>VPC Scripts</Filter>
    </None>
  </ItemGroup>
</Project>
