<?xml version="1.0" encoding="utf-8"?>
<Project ToolsVersion="4.0" xmlns="http://schemas.microsoft.com/developer/msbuild/2003">
  <ItemGroup >
    <Filter Include="Header Files">
      <UniqueIdentifier>{922C6F41-C460-59B1-3A59-D4FA6DDC9C37}</UniqueIdentifier>
    </Filter>
    <Filter Include="Public Header Files">
      <UniqueIdentifier>{BDBAD8B6-F777-0C5E-367D-3CE1B8CD9ADE}</UniqueIdentifier>
    </Filter>
    <Filter Include="Schema Headers">
      <UniqueIdentifier>{2AD4FA5A-9639-A046-F45D-D8FC9D889268}</UniqueIdentifier>
    </Filter>
    <Filter Include="Schema Script">
      <UniqueIdentifier>{4FE7040A-0FD7-0A35-3F4C-6CA06B92D907}</UniqueIdentifier>
    </Filter>
    <Filter Include="Source Files">
      <UniqueIdentifier>{9A3C0498-7C60-1BDF-BDF7-06BDDE4E468F}</UniqueIdentifier>
    </Filter>
    <Filter Include="VPC Scripts">
      <UniqueIdentifier>{308191AE-A754-30DF-D5BD-5928E19D585F}</UniqueIdentifier>
    </Filter>
  </ItemGroup>
  <ItemGroup  />
  <ItemGroup >
    <ClInclude Include="..\public\resourcefile\resourcedictionary.h">
      <Filter>Public Header Files</Filter>
    </ClInclude>
    <ClInclude Include="..\public\resourcefile\resourcefile.h">
      <Filter>Public Header Files</Filter>
    </ClInclude>
    <ClInclude Include="..\public\resourcefile\resourceintrospection.h">
      <Filter>Public Header Files</Filter>
    </ClInclude>
    <ClInclude Include="..\public\resourcefile\resourcestream.h">
      <Filter>Public Header Files</Filter>
    </ClInclude>
    <ClInclude Include="..\public\resourcefile\resourcetype.h">
      <Filter>Public Header Files</Filter>
    </ClInclude>
    <ClInclude Include="..\public\resourcefile\schema.h">
      <Filter>Public Header Files</Filter>
    </ClInclude>
    <ClInclude Include="..\public\resourcefile\schema\particles.g.h">
      <Filter>Schema Headers</Filter>
    </ClInclude>
    <ClInclude Include="..\public\resourcefile\schema\resourceextreflist.g.h">
      <Filter>Schema Headers</Filter>
    </ClInclude>
    <ClInclude Include="..\public\resourcefile\schema\resourceidlist.g.h">
      <Filter>Schema Headers</Filter>
    </ClInclude>
    <ClInclude Include="..\public\resourcefile\schema\sheet.g.h">
      <Filter>Schema Headers</Filter>
    </ClInclude>
  </ItemGroup>
  <ItemGroup >
    <ClCompile Include="..\common\debug_lib_check.cpp">
      <Filter>Source Files</Filter>
    </ClCompile>
    <ClCompile Include="resourcedictionary.cpp">
      <Filter>Source Files</Filter>
    </ClCompile>
    <ClCompile Include="resourcefile.cpp">
      <Filter>Source Files</Filter>
    </ClCompile>
    <ClCompile Include="resourceintrospection.cpp">
      <Filter>Source Files</Filter>
    </ClCompile>
    <ClCompile Include="resourcestream.cpp">
      <Filter>Source Files</Filter>
    </ClCompile>
  </ItemGroup>
  <ItemGroup  />
  <ItemGroup  />
  <ItemGroup >
    <None Include="resourcefile.schproj2">
      <Filter>Schema Script</Filter>
    </None>
    <None Include="_vpc_\manifest_resourcefile\win32\manifest.txt">
      <Filter>VPC Scripts</Filter>
    </None>
    <None Include="..\vpc_scripts\platform_dirs.vpc">
      <Filter>VPC Scripts</Filter>
    </None>
    <None Include="resourcefile.vpc">
      <Filter>VPC Scripts</Filter>
    </None>
    <None Include="..\vpc_scripts\source_base.vpc">
      <Filter>VPC Scripts</Filter>
    </None>
    <None Include="..\vpc_scripts\source_lib_base.vpc">
      <Filter>VPC Scripts</Filter>
    </None>
    <None Include="..\vpc_scripts\source_lib_win32_base.vpc">
      <Filter>VPC Scripts</Filter>
    </None>
    <None Include="..\vpc_scripts\source_lib_win32_debug.vpc">
      <Filter>VPC Scripts</Filter>
    </None>
    <None Include="..\vpc_scripts\source_lib_win32_release.vpc">
      <Filter>VPC Scripts</Filter>
    </None>
    <None Include="..\vpc_scripts\source_lowest_base.vpc">
      <Filter>VPC Scripts</Filter>
    </None>
    <None Include="..\vpc_scripts\source_video_base.vpc">
      <Filter>VPC Scripts</Filter>
    </None>
    <None Include="..\vpc_scripts\source_win32_base.vpc">
      <Filter>VPC Scripts</Filter>
    </None>
    <None Include="..\vpc_scripts\version.vpc">
      <Filter>VPC Scripts</Filter>
    </None>
  </ItemGroup>
</Project>
