<?xml version="1.0" encoding="utf-8"?>
<Project ToolsVersion="4.0" xmlns="http://schemas.microsoft.com/developer/msbuild/2003">
  <ItemGroup >
    <Filter Include="Header Files">
      <UniqueIdentifier>{922C6F41-C460-59B1-3A59-D4FA6DDC9C37}</UniqueIdentifier>
    </Filter>
    <Filter Include="Source Files">
      <UniqueIdentifier>{9A3C0498-7C60-1BDF-BDF7-06BDDE4E468F}</UniqueIdentifier>
    </Filter>
    <Filter Include="VPC Scripts">
      <UniqueIdentifier>{308191AE-A754-30DF-D5BD-5928E19D585F}</UniqueIdentifier>
    </Filter>
  </ItemGroup>
  <ItemGroup  />
  <ItemGroup >
    <ClInclude Include="dmebaseimporter.h">
      <Filter>Header Files</Filter>
    </ClInclude>
    <ClInclude Include="dmserializers.h">
      <Filter>Header Files</Filter>
    </ClInclude>
    <ClInclude Include="..\public\dmserializers\idmserializers.h">
      <Filter>Header Files</Filter>
    </ClInclude>
    <ClInclude Include="importkeyvaluebase.h">
      <Filter>Header Files</Filter>
    </ClInclude>
  </ItemGroup>
  <ItemGroup >
    <ClCompile Include="..\common\debug_lib_check.cpp">
      <Filter>Source Files</Filter>
    </ClCompile>
    <ClCompile Include="dmebaseimporter.cpp">
      <Filter>Source Files</Filter>
    </ClCompile>
    <ClCompile Include="dmserializers.cpp">
      <Filter>Source Files</Filter>
    </ClCompile>
    <ClCompile Include="importactbusy.cpp">
      <Filter>Source Files</Filter>
    </ClCompile>
    <ClCompile Include="importcommentary.cpp">
      <Filter>Source Files</Filter>
    </ClCompile>
    <ClCompile Include="importkeyvaluebase.cpp">
      <Filter>Source Files</Filter>
    </ClCompile>
    <ClCompile Include="importmks.cpp">
      <Filter>Source Files</Filter>
    </ClCompile>
    <ClCompile Include="importsfmv1.cpp">
      <Filter>Source Files</Filter>
    </ClCompile>
    <ClCompile Include="importsfmv2.cpp">
      <Filter>Source Files</Filter>
    </ClCompile>
    <ClCompile Include="importsfmv3.cpp">
      <Filter>Source Files</Filter>
    </ClCompile>
    <ClCompile Include="importsfmv4.cpp">
      <Filter>Source Files</Filter>
    </ClCompile>
    <ClCompile Include="importsfmv5.cpp">
      <Filter>Source Files</Filter>
    </ClCompile>
    <ClCompile Include="importsfmv6.cpp">
      <Filter>Source Files</Filter>
    </ClCompile>
    <ClCompile Include="importsfmv7.cpp">
      <Filter>Source Files</Filter>
    </ClCompile>
    <ClCompile Include="importsfmv8.cpp">
      <Filter>Source Files</Filter>
    </ClCompile>
    <ClCompile Include="importsfmv9.cpp">
      <Filter>Source Files</Filter>
    </ClCompile>
    <ClCompile Include="importtex.cpp">
      <Filter>Source Files</Filter>
    </ClCompile>
    <ClCompile Include="importvmf.cpp">
      <Filter>Source Files</Filter>
    </ClCompile>
    <ClCompile Include="importvmt.cpp">
      <Filter>Source Files</Filter>
    </ClCompile>
  </ItemGroup>
  <ItemGroup  />
  <ItemGroup  />
  <ItemGroup >
    <None Include="dmserializers.vpc">
      <Filter>VPC Scripts</Filter>
    </None>
    <None Include="_vpc_\manifest_dmserializers\win32\manifest.txt">
      <Filter>VPC Scripts</Filter>
    </None>
    <None Include="..\vpc_scripts\platform_dirs.vpc">
      <Filter>VPC Scripts</Filter>
    </None>
    <None Include="..\vpc_scripts\source_base.vpc">
      <Filter>VPC Scripts</Filter>
    </None>
    <None Include="..\vpc_scripts\source_lib_base.vpc">
      <Filter>VPC Scripts</Filter>
    </None>
    <None Include="..\vpc_scripts\source_lib_win32_base.vpc">
      <Filter>VPC Scripts</Filter>
    </None>
    <None Include="..\vpc_scripts\source_lib_win32_debug.vpc">
      <Filter>VPC Scripts</Filter>
    </None>
    <None Include="..\vpc_scripts\source_lib_win32_release.vpc">
      <Filter>VPC Scripts</Filter>
    </None>
    <None Include="..\vpc_scripts\source_lowest_base.vpc">
      <Filter>VPC Scripts</Filter>
    </None>
    <None Include="..\vpc_scripts\source_video_base.vpc">
      <Filter>VPC Scripts</Filter>
    </None>
    <None Include="..\vpc_scripts\source_win32_base.vpc">
      <Filter>VPC Scripts</Filter>
    </None>
    <None Include="..\vpc_scripts\version.vpc">
      <Filter>VPC Scripts</Filter>
    </None>
  </ItemGroup>
</Project>
