<?xml version="1.0" encoding="utf-8"?>
<Project ToolsVersion="4.0" xmlns="http://schemas.microsoft.com/developer/msbuild/2003">
  <ItemGroup >
    <Filter Include="external">
      <UniqueIdentifier>{6A21B699-5A06-8148-BBB6-5C8F949B3FB2}</UniqueIdentifier>
    </Filter>
    <Filter Include="Header Files">
      <UniqueIdentifier>{922C6F41-C460-59B1-3A59-D4FA6DDC9C37}</UniqueIdentifier>
    </Filter>
    <Filter Include="Interface">
      <UniqueIdentifier>{8EB58DD5-E328-E978-169C-7B0CBD30D43F}</UniqueIdentifier>
    </Filter>
    <Filter Include="Source Files">
      <UniqueIdentifier>{9A3C0498-7C60-1BDF-BDF7-06BDDE4E468F}</UniqueIdentifier>
    </Filter>
    <Filter Include="VPC Scripts">
      <UniqueIdentifier>{308191AE-A754-30DF-D5BD-5928E19D585F}</UniqueIdentifier>
    </Filter>
  </ItemGroup>
  <ItemGroup  />
  <ItemGroup >
    <ClInclude Include="..\public\mathlib\mathlib.h">
      <Filter>external</Filter>
    </ClInclude>
    <ClInclude Include="..\public\mathlib\vector.h">
      <Filter>external</Filter>
    </ClInclude>
    <ClInclude Include="..\public\materialobjects\amalgtexturevars.h">
      <Filter>Interface</Filter>
    </ClInclude>
    <ClInclude Include="..\public\materialobjects\dmeamalgtexture.h">
      <Filter>Interface</Filter>
    </ClInclude>
    <ClInclude Include="..\public\materialobjects\dmeimage.h">
      <Filter>Interface</Filter>
    </ClInclude>
    <ClInclude Include="..\public\materialobjects\dmeprecompiledtexture.h">
      <Filter>Interface</Filter>
    </ClInclude>
    <ClInclude Include="..\public\materialobjects\dmesheetsequence.h">
      <Filter>Interface</Filter>
    </ClInclude>
    <ClInclude Include="..\public\materialobjects\dmetexture.h">
      <Filter>Interface</Filter>
    </ClInclude>
    <ClInclude Include="..\public\materialobjects\materialobjects.h">
      <Filter>Interface</Filter>
    </ClInclude>
  </ItemGroup>
  <ItemGroup >
    <ClCompile Include="..\public\studio.cpp">
      <Filter>external</Filter>
    </ClCompile>
    <ClCompile Include="..\common\debug_lib_check.cpp">
      <Filter>Source Files</Filter>
    </ClCompile>
    <ClCompile Include="dmeamalgtexture.cpp">
      <Filter>Source Files</Filter>
    </ClCompile>
    <ClCompile Include="dmeimage.cpp">
      <Filter>Source Files</Filter>
    </ClCompile>
    <ClCompile Include="dmeprecompiledtexture.cpp">
      <Filter>Source Files</Filter>
    </ClCompile>
    <ClCompile Include="dmesheetsequence.cpp">
      <Filter>Source Files</Filter>
    </ClCompile>
    <ClCompile Include="dmetexture.cpp">
      <Filter>Source Files</Filter>
    </ClCompile>
  </ItemGroup>
  <ItemGroup  />
  <ItemGroup  />
  <ItemGroup >
    <None Include="_vpc_\manifest_materialobjects\win32\manifest.txt">
      <Filter>VPC Scripts</Filter>
    </None>
    <None Include="materialobjects.vpc">
      <Filter>VPC Scripts</Filter>
    </None>
    <None Include="..\vpc_scripts\platform_dirs.vpc">
      <Filter>VPC Scripts</Filter>
    </None>
    <None Include="..\vpc_scripts\source_base.vpc">
      <Filter>VPC Scripts</Filter>
    </None>
    <None Include="..\vpc_scripts\source_lib_base.vpc">
      <Filter>VPC Scripts</Filter>
    </None>
    <None Include="..\vpc_scripts\source_lib_win32_base.vpc">
      <Filter>VPC Scripts</Filter>
    </None>
    <None Include="..\vpc_scripts\source_lib_win32_debug.vpc">
      <Filter>VPC Scripts</Filter>
    </None>
    <None Include="..\vpc_scripts\source_lib_win32_release.vpc">
      <Filter>VPC Scripts</Filter>
    </None>
    <None Include="..\vpc_scripts\source_lowest_base.vpc">
      <Filter>VPC Scripts</Filter>
    </None>
    <None Include="..\vpc_scripts\source_video_base.vpc">
      <Filter>VPC Scripts</Filter>
    </None>
    <None Include="..\vpc_scripts\source_win32_base.vpc">
      <Filter>VPC Scripts</Filter>
    </None>
    <None Include="..\vpc_scripts\version.vpc">
      <Filter>VPC Scripts</Filter>
    </None>
  </ItemGroup>
</Project>
